// !$*UTF8*$!
{
	archiveVersion = 1;
	classes = {
	};
	objectVersion = 56;
	objects = {

/* Begin PBXBuildFile section */
		C62748E32BF6459700EBAF12 /* FeedLoaderWithFallbackCompositeTests.swift in Sources */ = {isa = PBXBuildFile; fileRef = C62748E22BF6459700EBAF12 /* FeedLoaderWithFallbackCompositeTests.swift */; };
		C6780A462BF6967600E02376 /* FeedLoaderWithFallbackComposite.swift in Sources */ = {isa = PBXBuildFile; fileRef = C6780A452BF6967600E02376 /* FeedLoaderWithFallbackComposite.swift */; };
		C6780A482BF6A6A600E02376 /* FeedImageDataLoaderWithFallbackCompositeTests.swift in Sources */ = {isa = PBXBuildFile; fileRef = C6780A472BF6A6A600E02376 /* FeedImageDataLoaderWithFallbackCompositeTests.swift */; };
		C68EBE912BF370BE0027569A /* AppDelegate.swift in Sources */ = {isa = PBXBuildFile; fileRef = C68EBE902BF370BE0027569A /* AppDelegate.swift */; };
		C68EBE932BF370BE0027569A /* SceneDelegate.swift in Sources */ = {isa = PBXBuildFile; fileRef = C68EBE922BF370BE0027569A /* SceneDelegate.swift */; };
		C68EBE952BF370BE0027569A /* ViewController.swift in Sources */ = {isa = PBXBuildFile; fileRef = C68EBE942BF370BE0027569A /* ViewController.swift */; };
		C68EBE982BF370BE0027569A /* Main.storyboard in Resources */ = {isa = PBXBuildFile; fileRef = C68EBE962BF370BE0027569A /* Main.storyboard */; };
		C68EBE9A2BF370C10027569A /* Assets.xcassets in Resources */ = {isa = PBXBuildFile; fileRef = C68EBE992BF370C10027569A /* Assets.xcassets */; };
		C68EBE9D2BF370C10027569A /* LaunchScreen.storyboard in Resources */ = {isa = PBXBuildFile; fileRef = C68EBE9B2BF370C10027569A /* LaunchScreen.storyboard */; };
		C68EBEC22BF398170027569A /* essential_feed_case_study.framework in Frameworks */ = {isa = PBXBuildFile; fileRef = C68EBEC12BF398170027569A /* essential_feed_case_study.framework */; };
		C68EBEC32BF398170027569A /* essential_feed_case_study.framework in Embed Frameworks */ = {isa = PBXBuildFile; fileRef = C68EBEC12BF398170027569A /* essential_feed_case_study.framework */; settings = {ATTRIBUTES = (CodeSignOnCopy, RemoveHeadersOnCopy, ); }; };
		C68EBEC62BF3981E0027569A /* EssentialFeediOS.framework in Frameworks */ = {isa = PBXBuildFile; fileRef = C68EBEC52BF3981E0027569A /* EssentialFeediOS.framework */; };
		C68EBEC72BF3981E0027569A /* EssentialFeediOS.framework in Embed Frameworks */ = {isa = PBXBuildFile; fileRef = C68EBEC52BF3981E0027569A /* EssentialFeediOS.framework */; settings = {ATTRIBUTES = (CodeSignOnCopy, RemoveHeadersOnCopy, ); }; };
		C6EE85C22BF7F2AB004794F3 /* FeedImageDataLoaderWithFallbackComposite.swift in Sources */ = {isa = PBXBuildFile; fileRef = C6EE85C12BF7F2AB004794F3 /* FeedImageDataLoaderWithFallbackComposite.swift */; };
		C6EE85C52BF7F3C3004794F3 /* XCTestCase+MemoryLeakTracking.swift in Sources */ = {isa = PBXBuildFile; fileRef = C6EE85C42BF7F3C3004794F3 /* XCTestCase+MemoryLeakTracking.swift */; };
		C6EE85C72BF7F4F5004794F3 /* SharedTestHelpers.swift in Sources */ = {isa = PBXBuildFile; fileRef = C6EE85C62BF7F4F5004794F3 /* SharedTestHelpers.swift */; };
		C6EE85C92BF91224004794F3 /* FeedLoaderCacheDecoratorTests.swift in Sources */ = {isa = PBXBuildFile; fileRef = C6EE85C82BF91224004794F3 /* FeedLoaderCacheDecoratorTests.swift */; };
		C6EE85CB2BF9190E004794F3 /* FeedLoaderStub.swift in Sources */ = {isa = PBXBuildFile; fileRef = C6EE85CA2BF9190E004794F3 /* FeedLoaderStub.swift */; };
		C6EE85CD2BF93087004794F3 /* XCTestCase+FeedLoader.swift in Sources */ = {isa = PBXBuildFile; fileRef = C6EE85CC2BF93087004794F3 /* XCTestCase+FeedLoader.swift */; };
		C6EE85D12BF949F6004794F3 /* FeedLoaderCacheDecorator.swift in Sources */ = {isa = PBXBuildFile; fileRef = C6EE85D02BF949F6004794F3 /* FeedLoaderCacheDecorator.swift */; };
		C6EE85D32BF94BBF004794F3 /* FeedImageDataLoaderCacheDecoratorTests.swift in Sources */ = {isa = PBXBuildFile; fileRef = C6EE85D22BF94BBF004794F3 /* FeedImageDataLoaderCacheDecoratorTests.swift */; };
		C6EE85D52BF9F2BC004794F3 /* FeedImageDataLoaderSpy.swift in Sources */ = {isa = PBXBuildFile; fileRef = C6EE85D42BF9F2BB004794F3 /* FeedImageDataLoaderSpy.swift */; };
		C6EE85D72BF9F4C1004794F3 /* XCTestCase+FeedImageDataLoader.swift in Sources */ = {isa = PBXBuildFile; fileRef = C6EE85D62BF9F4C1004794F3 /* XCTestCase+FeedImageDataLoader.swift */; };
/* End PBXBuildFile section */

/* Begin PBXContainerItemProxy section */
		C68EBEA42BF370C20027569A /* PBXContainerItemProxy */ = {
			isa = PBXContainerItemProxy;
			containerPortal = C68EBE852BF370BE0027569A /* Project object */;
			proxyType = 1;
			remoteGlobalIDString = C68EBE8C2BF370BE0027569A;
			remoteInfo = EssentialApp;
		};
/* End PBXContainerItemProxy section */

/* Begin PBXCopyFilesBuildPhase section */
		C68EBEC42BF398170027569A /* Embed Frameworks */ = {
			isa = PBXCopyFilesBuildPhase;
			buildActionMask = 2147483647;
			dstPath = "";
			dstSubfolderSpec = 10;
			files = (
				C68EBEC32BF398170027569A /* essential_feed_case_study.framework in Embed Frameworks */,
				C68EBEC72BF3981E0027569A /* EssentialFeediOS.framework in Embed Frameworks */,
			);
			name = "Embed Frameworks";
			runOnlyForDeploymentPostprocessing = 0;
		};
/* End PBXCopyFilesBuildPhase section */

/* Begin PBXFileReference section */
		C62748E22BF6459700EBAF12 /* FeedLoaderWithFallbackCompositeTests.swift */ = {isa = PBXFileReference; lastKnownFileType = sourcecode.swift; path = FeedLoaderWithFallbackCompositeTests.swift; sourceTree = "<group>"; };
		C6780A452BF6967600E02376 /* FeedLoaderWithFallbackComposite.swift */ = {isa = PBXFileReference; lastKnownFileType = sourcecode.swift; path = FeedLoaderWithFallbackComposite.swift; sourceTree = "<group>"; };
		C6780A472BF6A6A600E02376 /* FeedImageDataLoaderWithFallbackCompositeTests.swift */ = {isa = PBXFileReference; lastKnownFileType = sourcecode.swift; path = FeedImageDataLoaderWithFallbackCompositeTests.swift; sourceTree = "<group>"; };
		C68EBE8D2BF370BE0027569A /* EssentialApp.app */ = {isa = PBXFileReference; explicitFileType = wrapper.application; includeInIndex = 0; path = EssentialApp.app; sourceTree = BUILT_PRODUCTS_DIR; };
		C68EBE902BF370BE0027569A /* AppDelegate.swift */ = {isa = PBXFileReference; lastKnownFileType = sourcecode.swift; path = AppDelegate.swift; sourceTree = "<group>"; };
		C68EBE922BF370BE0027569A /* SceneDelegate.swift */ = {isa = PBXFileReference; lastKnownFileType = sourcecode.swift; path = SceneDelegate.swift; sourceTree = "<group>"; };
		C68EBE942BF370BE0027569A /* ViewController.swift */ = {isa = PBXFileReference; lastKnownFileType = sourcecode.swift; path = ViewController.swift; sourceTree = "<group>"; };
		C68EBE972BF370BE0027569A /* Base */ = {isa = PBXFileReference; lastKnownFileType = file.storyboard; name = Base; path = Base.lproj/Main.storyboard; sourceTree = "<group>"; };
		C68EBE992BF370C10027569A /* Assets.xcassets */ = {isa = PBXFileReference; lastKnownFileType = folder.assetcatalog; path = Assets.xcassets; sourceTree = "<group>"; };
		C68EBE9C2BF370C10027569A /* Base */ = {isa = PBXFileReference; lastKnownFileType = file.storyboard; name = Base; path = Base.lproj/LaunchScreen.storyboard; sourceTree = "<group>"; };
		C68EBE9E2BF370C10027569A /* Info.plist */ = {isa = PBXFileReference; lastKnownFileType = text.plist.xml; path = Info.plist; sourceTree = "<group>"; };
		C68EBEA32BF370C20027569A /* EssentialAppTests.xctest */ = {isa = PBXFileReference; explicitFileType = wrapper.cfbundle; includeInIndex = 0; path = EssentialAppTests.xctest; sourceTree = BUILT_PRODUCTS_DIR; };
		C68EBEC12BF398170027569A /* essential_feed_case_study.framework */ = {isa = PBXFileReference; explicitFileType = wrapper.framework; path = essential_feed_case_study.framework; sourceTree = BUILT_PRODUCTS_DIR; };
		C68EBEC52BF3981E0027569A /* EssentialFeediOS.framework */ = {isa = PBXFileReference; explicitFileType = wrapper.framework; path = EssentialFeediOS.framework; sourceTree = BUILT_PRODUCTS_DIR; };
		C6EE85C12BF7F2AB004794F3 /* FeedImageDataLoaderWithFallbackComposite.swift */ = {isa = PBXFileReference; lastKnownFileType = sourcecode.swift; path = FeedImageDataLoaderWithFallbackComposite.swift; sourceTree = "<group>"; };
		C6EE85C42BF7F3C3004794F3 /* XCTestCase+MemoryLeakTracking.swift */ = {isa = PBXFileReference; lastKnownFileType = sourcecode.swift; path = "XCTestCase+MemoryLeakTracking.swift"; sourceTree = "<group>"; };
		C6EE85C62BF7F4F5004794F3 /* SharedTestHelpers.swift */ = {isa = PBXFileReference; lastKnownFileType = sourcecode.swift; path = SharedTestHelpers.swift; sourceTree = "<group>"; };
		C6EE85C82BF91224004794F3 /* FeedLoaderCacheDecoratorTests.swift */ = {isa = PBXFileReference; lastKnownFileType = sourcecode.swift; path = FeedLoaderCacheDecoratorTests.swift; sourceTree = "<group>"; };
		C6EE85CA2BF9190E004794F3 /* FeedLoaderStub.swift */ = {isa = PBXFileReference; lastKnownFileType = sourcecode.swift; path = FeedLoaderStub.swift; sourceTree = "<group>"; };
		C6EE85CC2BF93087004794F3 /* XCTestCase+FeedLoader.swift */ = {isa = PBXFileReference; lastKnownFileType = sourcecode.swift; path = "XCTestCase+FeedLoader.swift"; sourceTree = "<group>"; };
		C6EE85D02BF949F6004794F3 /* FeedLoaderCacheDecorator.swift */ = {isa = PBXFileReference; lastKnownFileType = sourcecode.swift; path = FeedLoaderCacheDecorator.swift; sourceTree = "<group>"; };
		C6EE85D22BF94BBF004794F3 /* FeedImageDataLoaderCacheDecoratorTests.swift */ = {isa = PBXFileReference; lastKnownFileType = sourcecode.swift; path = FeedImageDataLoaderCacheDecoratorTests.swift; sourceTree = "<group>"; };
		C6EE85D42BF9F2BB004794F3 /* FeedImageDataLoaderSpy.swift */ = {isa = PBXFileReference; lastKnownFileType = sourcecode.swift; path = FeedImageDataLoaderSpy.swift; sourceTree = "<group>"; };
		C6EE85D62BF9F4C1004794F3 /* XCTestCase+FeedImageDataLoader.swift */ = {isa = PBXFileReference; lastKnownFileType = sourcecode.swift; path = "XCTestCase+FeedImageDataLoader.swift"; sourceTree = "<group>"; };
/* End PBXFileReference section */

/* Begin PBXFrameworksBuildPhase section */
		C68EBE8A2BF370BE0027569A /* Frameworks */ = {
			isa = PBXFrameworksBuildPhase;
			buildActionMask = 2147483647;
			files = (
				C68EBEC22BF398170027569A /* essential_feed_case_study.framework in Frameworks */,
				C68EBEC62BF3981E0027569A /* EssentialFeediOS.framework in Frameworks */,
			);
			runOnlyForDeploymentPostprocessing = 0;
		};
		C68EBEA02BF370C20027569A /* Frameworks */ = {
			isa = PBXFrameworksBuildPhase;
			buildActionMask = 2147483647;
			files = (
			);
			runOnlyForDeploymentPostprocessing = 0;
		};
/* End PBXFrameworksBuildPhase section */

/* Begin PBXGroup section */
		C68EBE842BF370BE0027569A = {
			isa = PBXGroup;
			children = (
				C68EBE8F2BF370BE0027569A /* EssentialApp */,
				C68EBEA62BF370C20027569A /* EssentialAppTests */,
				C68EBE8E2BF370BE0027569A /* Products */,
				C68EBEC02BF398160027569A /* Frameworks */,
			);
			sourceTree = "<group>";
		};
		C68EBE8E2BF370BE0027569A /* Products */ = {
			isa = PBXGroup;
			children = (
				C68EBE8D2BF370BE0027569A /* EssentialApp.app */,
				C68EBEA32BF370C20027569A /* EssentialAppTests.xctest */,
			);
			name = Products;
			sourceTree = "<group>";
		};
		C68EBE8F2BF370BE0027569A /* EssentialApp */ = {
			isa = PBXGroup;
			children = (
				C68EBE902BF370BE0027569A /* AppDelegate.swift */,
				C68EBE922BF370BE0027569A /* SceneDelegate.swift */,
				C68EBE942BF370BE0027569A /* ViewController.swift */,
				C68EBE962BF370BE0027569A /* Main.storyboard */,
				C68EBE992BF370C10027569A /* Assets.xcassets */,
				C68EBE9B2BF370C10027569A /* LaunchScreen.storyboard */,
				C68EBE9E2BF370C10027569A /* Info.plist */,
				C6780A452BF6967600E02376 /* FeedLoaderWithFallbackComposite.swift */,
				C6EE85C12BF7F2AB004794F3 /* FeedImageDataLoaderWithFallbackComposite.swift */,
				C6EE85D02BF949F6004794F3 /* FeedLoaderCacheDecorator.swift */,
			);
			path = EssentialApp;
			sourceTree = "<group>";
		};
		C68EBEA62BF370C20027569A /* EssentialAppTests */ = {
			isa = PBXGroup;
			children = (
				C6EE85C32BF7F37B004794F3 /* Helpers */,
				C62748E22BF6459700EBAF12 /* FeedLoaderWithFallbackCompositeTests.swift */,
				C6780A472BF6A6A600E02376 /* FeedImageDataLoaderWithFallbackCompositeTests.swift */,
				C6EE85C82BF91224004794F3 /* FeedLoaderCacheDecoratorTests.swift */,
				C6EE85D22BF94BBF004794F3 /* FeedImageDataLoaderCacheDecoratorTests.swift */,
			);
			path = EssentialAppTests;
			sourceTree = "<group>";
		};
		C68EBEC02BF398160027569A /* Frameworks */ = {
			isa = PBXGroup;
			children = (
				C68EBEC52BF3981E0027569A /* EssentialFeediOS.framework */,
				C68EBEC12BF398170027569A /* essential_feed_case_study.framework */,
			);
			name = Frameworks;
			sourceTree = "<group>";
		};
		C6EE85C32BF7F37B004794F3 /* Helpers */ = {
			isa = PBXGroup;
			children = (
				C6EE85C42BF7F3C3004794F3 /* XCTestCase+MemoryLeakTracking.swift */,
				C6EE85C62BF7F4F5004794F3 /* SharedTestHelpers.swift */,
				C6EE85CA2BF9190E004794F3 /* FeedLoaderStub.swift */,
				C6EE85CC2BF93087004794F3 /* XCTestCase+FeedLoader.swift */,
				C6EE85D42BF9F2BB004794F3 /* FeedImageDataLoaderSpy.swift */,
				C6EE85D62BF9F4C1004794F3 /* XCTestCase+FeedImageDataLoader.swift */,
			);
			path = Helpers;
			sourceTree = "<group>";
		};
/* End PBXGroup section */

/* Begin PBXNativeTarget section */
		C68EBE8C2BF370BE0027569A /* EssentialApp */ = {
			isa = PBXNativeTarget;
			buildConfigurationList = C68EBEB72BF370C20027569A /* Build configuration list for PBXNativeTarget "EssentialApp" */;
			buildPhases = (
				C68EBE892BF370BE0027569A /* Sources */,
				C68EBE8A2BF370BE0027569A /* Frameworks */,
				C68EBE8B2BF370BE0027569A /* Resources */,
				C68EBEC42BF398170027569A /* Embed Frameworks */,
			);
			buildRules = (
			);
			dependencies = (
			);
			name = EssentialApp;
			productName = EssentialApp;
			productReference = C68EBE8D2BF370BE0027569A /* EssentialApp.app */;
			productType = "com.apple.product-type.application";
		};
		C68EBEA22BF370C20027569A /* EssentialAppTests */ = {
			isa = PBXNativeTarget;
			buildConfigurationList = C68EBEBA2BF370C20027569A /* Build configuration list for PBXNativeTarget "EssentialAppTests" */;
			buildPhases = (
				C68EBE9F2BF370C20027569A /* Sources */,
				C68EBEA02BF370C20027569A /* Frameworks */,
				C68EBEA12BF370C20027569A /* Resources */,
			);
			buildRules = (
			);
			dependencies = (
				C68EBEA52BF370C20027569A /* PBXTargetDependency */,
			);
			name = EssentialAppTests;
			productName = EssentialAppTests;
			productReference = C68EBEA32BF370C20027569A /* EssentialAppTests.xctest */;
			productType = "com.apple.product-type.bundle.unit-test";
		};
/* End PBXNativeTarget section */

/* Begin PBXProject section */
		C68EBE852BF370BE0027569A /* Project object */ = {
			isa = PBXProject;
			attributes = {
				BuildIndependentTargetsInParallel = 1;
				LastSwiftUpdateCheck = 1520;
				LastUpgradeCheck = 1520;
				TargetAttributes = {
					C68EBE8C2BF370BE0027569A = {
						CreatedOnToolsVersion = 15.2;
					};
					C68EBEA22BF370C20027569A = {
						CreatedOnToolsVersion = 15.2;
						TestTargetID = C68EBE8C2BF370BE0027569A;
					};
				};
			};
			buildConfigurationList = C68EBE882BF370BE0027569A /* Build configuration list for PBXProject "EssentialApp" */;
			compatibilityVersion = "Xcode 14.0";
			developmentRegion = en;
			hasScannedForEncodings = 0;
			knownRegions = (
				en,
				Base,
			);
			mainGroup = C68EBE842BF370BE0027569A;
			productRefGroup = C68EBE8E2BF370BE0027569A /* Products */;
			projectDirPath = "";
			projectRoot = "";
			targets = (
				C68EBE8C2BF370BE0027569A /* EssentialApp */,
				C68EBEA22BF370C20027569A /* EssentialAppTests */,
			);
		};
/* End PBXProject section */

/* Begin PBXResourcesBuildPhase section */
		C68EBE8B2BF370BE0027569A /* Resources */ = {
			isa = PBXResourcesBuildPhase;
			buildActionMask = 2147483647;
			files = (
				C68EBE9D2BF370C10027569A /* LaunchScreen.storyboard in Resources */,
				C68EBE9A2BF370C10027569A /* Assets.xcassets in Resources */,
				C68EBE982BF370BE0027569A /* Main.storyboard in Resources */,
			);
			runOnlyForDeploymentPostprocessing = 0;
		};
		C68EBEA12BF370C20027569A /* Resources */ = {
			isa = PBXResourcesBuildPhase;
			buildActionMask = 2147483647;
			files = (
			);
			runOnlyForDeploymentPostprocessing = 0;
		};
/* End PBXResourcesBuildPhase section */

/* Begin PBXSourcesBuildPhase section */
		C68EBE892BF370BE0027569A /* Sources */ = {
			isa = PBXSourcesBuildPhase;
			buildActionMask = 2147483647;
			files = (
				C68EBE952BF370BE0027569A /* ViewController.swift in Sources */,
				C68EBE912BF370BE0027569A /* AppDelegate.swift in Sources */,
				C6780A462BF6967600E02376 /* FeedLoaderWithFallbackComposite.swift in Sources */,
				C6EE85D12BF949F6004794F3 /* FeedLoaderCacheDecorator.swift in Sources */,
				C68EBE932BF370BE0027569A /* SceneDelegate.swift in Sources */,
				C6EE85C22BF7F2AB004794F3 /* FeedImageDataLoaderWithFallbackComposite.swift in Sources */,
			);
			runOnlyForDeploymentPostprocessing = 0;
		};
		C68EBE9F2BF370C20027569A /* Sources */ = {
			isa = PBXSourcesBuildPhase;
			buildActionMask = 2147483647;
			files = (
				C6EE85C72BF7F4F5004794F3 /* SharedTestHelpers.swift in Sources */,
				C6EE85D32BF94BBF004794F3 /* FeedImageDataLoaderCacheDecoratorTests.swift in Sources */,
				C6EE85CD2BF93087004794F3 /* XCTestCase+FeedLoader.swift in Sources */,
				C6EE85D72BF9F4C1004794F3 /* XCTestCase+FeedImageDataLoader.swift in Sources */,
				C6EE85C92BF91224004794F3 /* FeedLoaderCacheDecoratorTests.swift in Sources */,
				C6EE85D52BF9F2BC004794F3 /* FeedImageDataLoaderSpy.swift in Sources */,
				C6780A482BF6A6A600E02376 /* FeedImageDataLoaderWithFallbackCompositeTests.swift in Sources */,
				C62748E32BF6459700EBAF12 /* FeedLoaderWithFallbackCompositeTests.swift in Sources */,
				C6EE85CB2BF9190E004794F3 /* FeedLoaderStub.swift in Sources */,
				C6EE85C52BF7F3C3004794F3 /* XCTestCase+MemoryLeakTracking.swift in Sources */,
			);
			runOnlyForDeploymentPostprocessing = 0;
		};
/* End PBXSourcesBuildPhase section */

/* Begin PBXTargetDependency section */
		C68EBEA52BF370C20027569A /* PBXTargetDependency */ = {
			isa = PBXTargetDependency;
			target = C68EBE8C2BF370BE0027569A /* EssentialApp */;
			targetProxy = C68EBEA42BF370C20027569A /* PBXContainerItemProxy */;
		};
/* End PBXTargetDependency section */

/* Begin PBXVariantGroup section */
		C68EBE962BF370BE0027569A /* Main.storyboard */ = {
			isa = PBXVariantGroup;
			children = (
				C68EBE972BF370BE0027569A /* Base */,
			);
			name = Main.storyboard;
			sourceTree = "<group>";
		};
		C68EBE9B2BF370C10027569A /* LaunchScreen.storyboard */ = {
			isa = PBXVariantGroup;
			children = (
				C68EBE9C2BF370C10027569A /* Base */,
			);
			name = LaunchScreen.storyboard;
			sourceTree = "<group>";
		};
/* End PBXVariantGroup section */

/* Begin XCBuildConfiguration section */
		C68EBEB52BF370C20027569A /* Debug */ = {
			isa = XCBuildConfiguration;
			buildSettings = {
				ALWAYS_SEARCH_USER_PATHS = NO;
				ASSETCATALOG_COMPILER_GENERATE_SWIFT_ASSET_SYMBOL_EXTENSIONS = YES;
				CLANG_ANALYZER_NONNULL = YES;
				CLANG_ANALYZER_NUMBER_OBJECT_CONVERSION = YES_AGGRESSIVE;
				CLANG_CXX_LANGUAGE_STANDARD = "gnu++20";
				CLANG_ENABLE_MODULES = YES;
				CLANG_ENABLE_OBJC_ARC = YES;
				CLANG_ENABLE_OBJC_WEAK = YES;
				CLANG_WARN_BLOCK_CAPTURE_AUTORELEASING = YES;
				CLANG_WARN_BOOL_CONVERSION = YES;
				CLANG_WARN_COMMA = YES;
				CLANG_WARN_CONSTANT_CONVERSION = YES;
				CLANG_WARN_DEPRECATED_OBJC_IMPLEMENTATIONS = YES;
				CLANG_WARN_DIRECT_OBJC_ISA_USAGE = YES_ERROR;
				CLANG_WARN_DOCUMENTATION_COMMENTS = YES;
				CLANG_WARN_EMPTY_BODY = YES;
				CLANG_WARN_ENUM_CONVERSION = YES;
				CLANG_WARN_INFINITE_RECURSION = YES;
				CLANG_WARN_INT_CONVERSION = YES;
				CLANG_WARN_NON_LITERAL_NULL_CONVERSION = YES;
				CLANG_WARN_OBJC_IMPLICIT_RETAIN_SELF = YES;
				CLANG_WARN_OBJC_LITERAL_CONVERSION = YES;
				CLANG_WARN_OBJC_ROOT_CLASS = YES_ERROR;
				CLANG_WARN_QUOTED_INCLUDE_IN_FRAMEWORK_HEADER = YES;
				CLANG_WARN_RANGE_LOOP_ANALYSIS = YES;
				CLANG_WARN_STRICT_PROTOTYPES = YES;
				CLANG_WARN_SUSPICIOUS_MOVE = YES;
				CLANG_WARN_UNGUARDED_AVAILABILITY = YES_AGGRESSIVE;
				CLANG_WARN_UNREACHABLE_CODE = YES;
				CLANG_WARN__DUPLICATE_METHOD_MATCH = YES;
				COPY_PHASE_STRIP = NO;
				DEBUG_INFORMATION_FORMAT = dwarf;
				ENABLE_STRICT_OBJC_MSGSEND = YES;
				ENABLE_TESTABILITY = YES;
				ENABLE_USER_SCRIPT_SANDBOXING = YES;
				GCC_C_LANGUAGE_STANDARD = gnu17;
				GCC_DYNAMIC_NO_PIC = NO;
				GCC_NO_COMMON_BLOCKS = YES;
				GCC_OPTIMIZATION_LEVEL = 0;
				GCC_PREPROCESSOR_DEFINITIONS = (
					"DEBUG=1",
					"$(inherited)",
				);
				GCC_WARN_64_TO_32_BIT_CONVERSION = YES;
				GCC_WARN_ABOUT_RETURN_TYPE = YES_ERROR;
				GCC_WARN_UNDECLARED_SELECTOR = YES;
				GCC_WARN_UNINITIALIZED_AUTOS = YES_AGGRESSIVE;
				GCC_WARN_UNUSED_FUNCTION = YES;
				GCC_WARN_UNUSED_VARIABLE = YES;
				IPHONEOS_DEPLOYMENT_TARGET = 17.2;
				LOCALIZATION_PREFERS_STRING_CATALOGS = YES;
				MTL_ENABLE_DEBUG_INFO = INCLUDE_SOURCE;
				MTL_FAST_MATH = YES;
				ONLY_ACTIVE_ARCH = YES;
				SDKROOT = iphoneos;
				SWIFT_ACTIVE_COMPILATION_CONDITIONS = "DEBUG $(inherited)";
				SWIFT_OPTIMIZATION_LEVEL = "-Onone";
			};
			name = Debug;
		};
		C68EBEB62BF370C20027569A /* Release */ = {
			isa = XCBuildConfiguration;
			buildSettings = {
				ALWAYS_SEARCH_USER_PATHS = NO;
				ASSETCATALOG_COMPILER_GENERATE_SWIFT_ASSET_SYMBOL_EXTENSIONS = YES;
				CLANG_ANALYZER_NONNULL = YES;
				CLANG_ANALYZER_NUMBER_OBJECT_CONVERSION = YES_AGGRESSIVE;
				CLANG_CXX_LANGUAGE_STANDARD = "gnu++20";
				CLANG_ENABLE_MODULES = YES;
				CLANG_ENABLE_OBJC_ARC = YES;
				CLANG_ENABLE_OBJC_WEAK = YES;
				CLANG_WARN_BLOCK_CAPTURE_AUTORELEASING = YES;
				CLANG_WARN_BOOL_CONVERSION = YES;
				CLANG_WARN_COMMA = YES;
				CLANG_WARN_CONSTANT_CONVERSION = YES;
				CLANG_WARN_DEPRECATED_OBJC_IMPLEMENTATIONS = YES;
				CLANG_WARN_DIRECT_OBJC_ISA_USAGE = YES_ERROR;
				CLANG_WARN_DOCUMENTATION_COMMENTS = YES;
				CLANG_WARN_EMPTY_BODY = YES;
				CLANG_WARN_ENUM_CONVERSION = YES;
				CLANG_WARN_INFINITE_RECURSION = YES;
				CLANG_WARN_INT_CONVERSION = YES;
				CLANG_WARN_NON_LITERAL_NULL_CONVERSION = YES;
				CLANG_WARN_OBJC_IMPLICIT_RETAIN_SELF = YES;
				CLANG_WARN_OBJC_LITERAL_CONVERSION = YES;
				CLANG_WARN_OBJC_ROOT_CLASS = YES_ERROR;
				CLANG_WARN_QUOTED_INCLUDE_IN_FRAMEWORK_HEADER = YES;
				CLANG_WARN_RANGE_LOOP_ANALYSIS = YES;
				CLANG_WARN_STRICT_PROTOTYPES = YES;
				CLANG_WARN_SUSPICIOUS_MOVE = YES;
				CLANG_WARN_UNGUARDED_AVAILABILITY = YES_AGGRESSIVE;
				CLANG_WARN_UNREACHABLE_CODE = YES;
				CLANG_WARN__DUPLICATE_METHOD_MATCH = YES;
				COPY_PHASE_STRIP = NO;
				DEBUG_INFORMATION_FORMAT = "dwarf-with-dsym";
				ENABLE_NS_ASSERTIONS = NO;
				ENABLE_STRICT_OBJC_MSGSEND = YES;
				ENABLE_USER_SCRIPT_SANDBOXING = YES;
				GCC_C_LANGUAGE_STANDARD = gnu17;
				GCC_NO_COMMON_BLOCKS = YES;
				GCC_WARN_64_TO_32_BIT_CONVERSION = YES;
				GCC_WARN_ABOUT_RETURN_TYPE = YES_ERROR;
				GCC_WARN_UNDECLARED_SELECTOR = YES;
				GCC_WARN_UNINITIALIZED_AUTOS = YES_AGGRESSIVE;
				GCC_WARN_UNUSED_FUNCTION = YES;
				GCC_WARN_UNUSED_VARIABLE = YES;
				IPHONEOS_DEPLOYMENT_TARGET = 17.2;
				LOCALIZATION_PREFERS_STRING_CATALOGS = YES;
				MTL_ENABLE_DEBUG_INFO = NO;
				MTL_FAST_MATH = YES;
				SDKROOT = iphoneos;
				SWIFT_COMPILATION_MODE = wholemodule;
				VALIDATE_PRODUCT = YES;
			};
			name = Release;
		};
		C68EBEB82BF370C20027569A /* Debug */ = {
			isa = XCBuildConfiguration;
			buildSettings = {
				ASSETCATALOG_COMPILER_APPICON_NAME = AppIcon;
				ASSETCATALOG_COMPILER_GLOBAL_ACCENT_COLOR_NAME = AccentColor;
				CODE_SIGN_STYLE = Automatic;
				CURRENT_PROJECT_VERSION = 1;
				GENERATE_INFOPLIST_FILE = YES;
				INFOPLIST_FILE = EssentialApp/Info.plist;
				INFOPLIST_KEY_UIApplicationSupportsIndirectInputEvents = YES;
				INFOPLIST_KEY_UILaunchStoryboardName = LaunchScreen;
				INFOPLIST_KEY_UIMainStoryboardFile = Main;
				INFOPLIST_KEY_UISupportedInterfaceOrientations = UIInterfaceOrientationPortrait;
				LD_RUNPATH_SEARCH_PATHS = (
					"$(inherited)",
					"@executable_path/Frameworks",
				);
				MARKETING_VERSION = 1.0;
				PRODUCT_BUNDLE_IDENTIFIER = gtsofa.com.EssentialApp;
				PRODUCT_NAME = "$(TARGET_NAME)";
				SWIFT_EMIT_LOC_STRINGS = YES;
				SWIFT_VERSION = 5.0;
				TARGETED_DEVICE_FAMILY = "1,2";
			};
			name = Debug;
		};
		C68EBEB92BF370C20027569A /* Release */ = {
			isa = XCBuildConfiguration;
			buildSettings = {
				ASSETCATALOG_COMPILER_APPICON_NAME = AppIcon;
				ASSETCATALOG_COMPILER_GLOBAL_ACCENT_COLOR_NAME = AccentColor;
				CODE_SIGN_STYLE = Automatic;
				CURRENT_PROJECT_VERSION = 1;
				GENERATE_INFOPLIST_FILE = YES;
				INFOPLIST_FILE = EssentialApp/Info.plist;
				INFOPLIST_KEY_UIApplicationSupportsIndirectInputEvents = YES;
				INFOPLIST_KEY_UILaunchStoryboardName = LaunchScreen;
				INFOPLIST_KEY_UIMainStoryboardFile = Main;
				INFOPLIST_KEY_UISupportedInterfaceOrientations = UIInterfaceOrientationPortrait;
				LD_RUNPATH_SEARCH_PATHS = (
					"$(inherited)",
					"@executable_path/Frameworks",
				);
				MARKETING_VERSION = 1.0;
				PRODUCT_BUNDLE_IDENTIFIER = gtsofa.com.EssentialApp;
				PRODUCT_NAME = "$(TARGET_NAME)";
				SWIFT_EMIT_LOC_STRINGS = YES;
				SWIFT_VERSION = 5.0;
				TARGETED_DEVICE_FAMILY = "1,2";
			};
			name = Release;
		};
		C68EBEBB2BF370C20027569A /* Debug */ = {
			isa = XCBuildConfiguration;
			buildSettings = {
				ALWAYS_EMBED_SWIFT_STANDARD_LIBRARIES = YES;
				BUNDLE_LOADER = "$(TEST_HOST)";
				CODE_SIGN_STYLE = Automatic;
				CURRENT_PROJECT_VERSION = 1;
				GENERATE_INFOPLIST_FILE = YES;
				IPHONEOS_DEPLOYMENT_TARGET = 17.2;
				MARKETING_VERSION = 1.0;
				PRODUCT_BUNDLE_IDENTIFIER = gtsofa.com.EssentialAppTests;
				PRODUCT_NAME = "$(TARGET_NAME)";
				SWIFT_EMIT_LOC_STRINGS = NO;
				SWIFT_VERSION = 5.0;
				TARGETED_DEVICE_FAMILY = "1,2";
				TEST_HOST = "$(BUILT_PRODUCTS_DIR)/EssentialApp.app/$(BUNDLE_EXECUTABLE_FOLDER_PATH)/EssentialApp";
			};
			name = Debug;
		};
		C68EBEBC2BF370C20027569A /* Release */ = {
			isa = XCBuildConfiguration;
			buildSettings = {
				ALWAYS_EMBED_SWIFT_STANDARD_LIBRARIES = YES;
				BUNDLE_LOADER = "$(TEST_HOST)";
				CODE_SIGN_STYLE = Automatic;
				CURRENT_PROJECT_VERSION = 1;
				GENERATE_INFOPLIST_FILE = YES;
				IPHONEOS_DEPLOYMENT_TARGET = 17.2;
				MARKETING_VERSION = 1.0;
				PRODUCT_BUNDLE_IDENTIFIER = gtsofa.com.EssentialAppTests;
				PRODUCT_NAME = "$(TARGET_NAME)";
				SWIFT_EMIT_LOC_STRINGS = NO;
				SWIFT_VERSION = 5.0;
				TARGETED_DEVICE_FAMILY = "1,2";
				TEST_HOST = "$(BUILT_PRODUCTS_DIR)/EssentialApp.app/$(BUNDLE_EXECUTABLE_FOLDER_PATH)/EssentialApp";
			};
			name = Release;
		};
/* End XCBuildConfiguration section */

/* Begin XCConfigurationList section */
		C68EBE882BF370BE0027569A /* Build configuration list for PBXProject "EssentialApp" */ = {
			isa = XCConfigurationList;
			buildConfigurations = (
				C68EBEB52BF370C20027569A /* Debug */,
				C68EBEB62BF370C20027569A /* Release */,
			);
			defaultConfigurationIsVisible = 0;
			defaultConfigurationName = Release;
		};
		C68EBEB72BF370C20027569A /* Build configuration list for PBXNativeTarget "EssentialApp" */ = {
			isa = XCConfigurationList;
			buildConfigurations = (
				C68EBEB82BF370C20027569A /* Debug */,
				C68EBEB92BF370C20027569A /* Release */,
			);
			defaultConfigurationIsVisible = 0;
			defaultConfigurationName = Release;
		};
		C68EBEBA2BF370C20027569A /* Build configuration list for PBXNativeTarget "EssentialAppTests" */ = {
			isa = XCConfigurationList;
			buildConfigurations = (
				C68EBEBB2BF370C20027569A /* Debug */,
				C68EBEBC2BF370C20027569A /* Release */,
			);
			defaultConfigurationIsVisible = 0;
			defaultConfigurationName = Release;
		};
/* End XCConfigurationList section */
	};
	rootObject = C68EBE852BF370BE0027569A /* Project object */;
}
