// !$*UTF8*$!
{
	archiveVersion = 1;
	classes = {
	};
	objectVersion = 56;
	objects = {

/* Begin PBXBuildFile section */
		C603F1BE2BAF58CA00D80917 /* FeedStoreSpecs.swift in Sources */ = {isa = PBXBuildFile; fileRef = C603F1BD2BAF58CA00D80917 /* FeedStoreSpecs.swift */; };
		C6110B6B2BC6BF8100F81CE5 /* FeedViewControllerTests.swift in Sources */ = {isa = PBXBuildFile; fileRef = C6110B6A2BC6BF8100F81CE5 /* FeedViewControllerTests.swift */; };
		C6242B812BAF5DCE00043FCD /* XCTestCase+FeedStoreSpecs.swift in Sources */ = {isa = PBXBuildFile; fileRef = C6242B802BAF5DCE00043FCD /* XCTestCase+FeedStoreSpecs.swift */; };
		C62A08AD2BC6FC9C00FBA727 /* essential_feed_case_study.framework in Frameworks */ = {isa = PBXBuildFile; fileRef = C6F1F5C92B68D4CB001DCC83 /* essential_feed_case_study.framework */; platformFilter = ios; };
		C62A08AE2BC6FC9C00FBA727 /* essential_feed_case_study.framework in Embed Frameworks */ = {isa = PBXBuildFile; fileRef = C6F1F5C92B68D4CB001DCC83 /* essential_feed_case_study.framework */; platformFilter = ios; settings = {ATTRIBUTES = (CodeSignOnCopy, RemoveHeadersOnCopy, ); }; };
		C62A08B22BC6FE9E00FBA727 /* XCTestCase+MemoryLeakTracking.swift in Sources */ = {isa = PBXBuildFile; fileRef = C6B32EF72B849795009A108D /* XCTestCase+MemoryLeakTracking.swift */; };
		C637620F2BA1905F0074087B /* ValidateFeedCacheUseCaseTests.swift in Sources */ = {isa = PBXBuildFile; fileRef = C637620E2BA1905F0074087B /* ValidateFeedCacheUseCaseTests.swift */; };
		C63762112BA19E830074087B /* FeedCacheTestHelpers.swift in Sources */ = {isa = PBXBuildFile; fileRef = C63762102BA19E830074087B /* FeedCacheTestHelpers.swift */; };
		C63762132BA1A0720074087B /* SharedTestHelpers.swift in Sources */ = {isa = PBXBuildFile; fileRef = C63762122BA1A0720074087B /* SharedTestHelpers.swift */; };
		C63762152BA316BD0074087B /* FeedCachePolicy.swift in Sources */ = {isa = PBXBuildFile; fileRef = C63762142BA316BD0074087B /* FeedCachePolicy.swift */; };
		C639BE592B77BAEC00B63C28 /* HTTPClient.swift in Sources */ = {isa = PBXBuildFile; fileRef = C639BE582B77BAEC00B63C28 /* HTTPClient.swift */; };
		C639BE5D2B77BC7100B63C28 /* FeedItemsMapper.swift in Sources */ = {isa = PBXBuildFile; fileRef = C639BE5C2B77BC7100B63C28 /* FeedItemsMapper.swift */; };
		C63EF9162B9F5FA800866848 /* LoadFeedFromCacheUseCaseTests.swift in Sources */ = {isa = PBXBuildFile; fileRef = C63EF9152B9F5FA800866848 /* LoadFeedFromCacheUseCaseTests.swift */; };
		C63EF9192B9F620700866848 /* FeedStoreSpy.swift in Sources */ = {isa = PBXBuildFile; fileRef = C63EF9182B9F620700866848 /* FeedStoreSpy.swift */; };
		C64056042B7F7A10006EFF18 /* URLSessionHTTPClientTests.swift in Sources */ = {isa = PBXBuildFile; fileRef = C64056032B7F7A10006EFF18 /* URLSessionHTTPClientTests.swift */; };
		C6406D4D2B984EB80028A925 /* CacheFeedUseCaseTests.swift in Sources */ = {isa = PBXBuildFile; fileRef = C6406D4C2B984EB80028A925 /* CacheFeedUseCaseTests.swift */; };
		C6406D502B99C0E60028A925 /* LocalFeedLoader.swift in Sources */ = {isa = PBXBuildFile; fileRef = C6406D4F2B99C0E60028A925 /* LocalFeedLoader.swift */; };
		C6406D522B99C13B0028A925 /* FeedStore.swift in Sources */ = {isa = PBXBuildFile; fileRef = C6406D512B99C13B0028A925 /* FeedStore.swift */; };
		C6406D542B9B0CD30028A925 /* RemoteFeedItem.swift in Sources */ = {isa = PBXBuildFile; fileRef = C6406D532B9B0CD30028A925 /* RemoteFeedItem.swift */; };
		C6406D562B9B0D900028A925 /* LocalFeedImage.swift in Sources */ = {isa = PBXBuildFile; fileRef = C6406D552B9B0D900028A925 /* LocalFeedImage.swift */; };
		C6565F442BC972D800603663 /* FeedViewController.swift in Sources */ = {isa = PBXBuildFile; fileRef = C6565F432BC972D800603663 /* FeedViewController.swift */; };
		C66114C72BB4A6B0002D4579 /* EssentialFeedCacheIntegrationTests.swift in Sources */ = {isa = PBXBuildFile; fileRef = C66114C62BB4A6B0002D4579 /* EssentialFeedCacheIntegrationTests.swift */; };
		C66114C82BB4A6B0002D4579 /* essential_feed_case_study.framework in Frameworks */ = {isa = PBXBuildFile; fileRef = C6F1F5C92B68D4CB001DCC83 /* essential_feed_case_study.framework */; };
		C66114CF2BB4B519002D4579 /* XCTestCase+MemoryLeakTracking.swift in Sources */ = {isa = PBXBuildFile; fileRef = C6B32EF72B849795009A108D /* XCTestCase+MemoryLeakTracking.swift */; };
		C66114D02BB4B73D002D4579 /* FeedCacheTestHelpers.swift in Sources */ = {isa = PBXBuildFile; fileRef = C63762102BA19E830074087B /* FeedCacheTestHelpers.swift */; };
		C66114D12BB4B770002D4579 /* SharedTestHelpers.swift in Sources */ = {isa = PBXBuildFile; fileRef = C63762122BA1A0720074087B /* SharedTestHelpers.swift */; };
		C67A3D942BC007FE00C5627D /* EssentialFeediOS.framework in Frameworks */ = {isa = PBXBuildFile; fileRef = C67A3D8C2BC007F800C5627D /* EssentialFeediOS.framework */; };
		C699FE582B6AFCA400FD503C /* RemoteFeedLoader.swift in Sources */ = {isa = PBXBuildFile; fileRef = C699FE572B6AFCA400FD503C /* RemoteFeedLoader.swift */; };
		C6AFA9932BD2FDD200001E8C /* UIImage+TestHelpers.swift in Sources */ = {isa = PBXBuildFile; fileRef = C6AFA9922BD2FDD200001E8C /* UIImage+TestHelpers.swift */; };
		C6B32EF82B849795009A108D /* XCTestCase+MemoryLeakTracking.swift in Sources */ = {isa = PBXBuildFile; fileRef = C6B32EF72B849795009A108D /* XCTestCase+MemoryLeakTracking.swift */; };
		C6B32EFB2B85E747009A108D /* URLSessionHTTPClient.swift in Sources */ = {isa = PBXBuildFile; fileRef = C6B32EF92B84B805009A108D /* URLSessionHTTPClient.swift */; };
		C6B32F042B860D79009A108D /* essential_feed_case_studyAPIEndToEndTests.swift in Sources */ = {isa = PBXBuildFile; fileRef = C6B32F032B860D79009A108D /* essential_feed_case_studyAPIEndToEndTests.swift */; };
		C6B32F052B860D79009A108D /* essential_feed_case_study.framework in Frameworks */ = {isa = PBXBuildFile; fileRef = C6F1F5C92B68D4CB001DCC83 /* essential_feed_case_study.framework */; };
		C6B32F0B2B862036009A108D /* XCTestCase+MemoryLeakTracking.swift in Sources */ = {isa = PBXBuildFile; fileRef = C6B32EF72B849795009A108D /* XCTestCase+MemoryLeakTracking.swift */; };
		C6C57B172BB0221300A22814 /* XCTestCase+FailableRetrieveFeedStoreSpecs.swift in Sources */ = {isa = PBXBuildFile; fileRef = C6C57B162BB0221300A22814 /* XCTestCase+FailableRetrieveFeedStoreSpecs.swift */; };
		C6C57B192BB023EB00A22814 /* XCTestCase+FailableInsertFeedStoreSpecs.swift in Sources */ = {isa = PBXBuildFile; fileRef = C6C57B182BB023EB00A22814 /* XCTestCase+FailableInsertFeedStoreSpecs.swift */; };
		C6C57B1B2BB025B500A22814 /* XCTestCase+FailableDeleteFeedStoreSpecs.swift in Sources */ = {isa = PBXBuildFile; fileRef = C6C57B1A2BB025B500A22814 /* XCTestCase+FailableDeleteFeedStoreSpecs.swift */; };
		C6C57B202BB16C6200A22814 /* CoreDataFeedStoreTests.swift in Sources */ = {isa = PBXBuildFile; fileRef = C6C57B1F2BB16C6200A22814 /* CoreDataFeedStoreTests.swift */; };
		C6C57B262BB17DB700A22814 /* FeedStore.xcdatamodeld in Sources */ = {isa = PBXBuildFile; fileRef = C6C57B242BB17DB700A22814 /* FeedStore.xcdatamodeld */; };
		C6C57B282BB1898B00A22814 /* CoreDataFeedStore.swift in Sources */ = {isa = PBXBuildFile; fileRef = C6C57B272BB1898B00A22814 /* CoreDataFeedStore.swift */; };
		C6C57B2D2BB2139A00A22814 /* CoreDataHelpers.swift in Sources */ = {isa = PBXBuildFile; fileRef = C6C57B2C2BB2139A00A22814 /* CoreDataHelpers.swift */; };
		C6C57B2F2BB2224300A22814 /* ManagedCache.swift in Sources */ = {isa = PBXBuildFile; fileRef = C6C57B2E2BB2224300A22814 /* ManagedCache.swift */; };
		C6C57B312BB222BF00A22814 /* ManagedFeedImage.swift in Sources */ = {isa = PBXBuildFile; fileRef = C6C57B302BB222BF00A22814 /* ManagedFeedImage.swift */; };
		C6F1F5D22B68D4CB001DCC83 /* essential_feed_case_study.framework in Frameworks */ = {isa = PBXBuildFile; fileRef = C6F1F5C92B68D4CB001DCC83 /* essential_feed_case_study.framework */; };
		C6F1F5E22B68D697001DCC83 /* RemoteFeedLoaderTests.swift in Sources */ = {isa = PBXBuildFile; fileRef = C6F1F5E12B68D697001DCC83 /* RemoteFeedLoaderTests.swift */; };
		C6F1F5E42B68D870001DCC83 /* FeedImage.swift in Sources */ = {isa = PBXBuildFile; fileRef = C6F1F5E32B68D870001DCC83 /* FeedImage.swift */; };
		C6F1F5E62B68D8B8001DCC83 /* FeedLoader.swift in Sources */ = {isa = PBXBuildFile; fileRef = C6F1F5E52B68D8B8001DCC83 /* FeedLoader.swift */; };
		C6F209D02BCE791100508C9A /* FeedImageCell.swift in Sources */ = {isa = PBXBuildFile; fileRef = C6F209CF2BCE791100508C9A /* FeedImageCell.swift */; };
		C6F209D22BCF05ED00508C9A /* UIView+shimmering.swift in Sources */ = {isa = PBXBuildFile; fileRef = C6F209D12BCF05ED00508C9A /* UIView+shimmering.swift */; };
/* End PBXBuildFile section */

/* Begin PBXContainerItemProxy section */
		C62A08AF2BC6FC9C00FBA727 /* PBXContainerItemProxy */ = {
			isa = PBXContainerItemProxy;
			containerPortal = C6F1F5C02B68D4CB001DCC83 /* Project object */;
			proxyType = 1;
			remoteGlobalIDString = C6F1F5C82B68D4CB001DCC83;
			remoteInfo = "essential-feed-case-study";
		};
		C66114C92BB4A6B0002D4579 /* PBXContainerItemProxy */ = {
			isa = PBXContainerItemProxy;
			containerPortal = C6F1F5C02B68D4CB001DCC83 /* Project object */;
			proxyType = 1;
			remoteGlobalIDString = C6F1F5C82B68D4CB001DCC83;
			remoteInfo = "essential-feed-case-study";
		};
		C67A3D952BC007FE00C5627D /* PBXContainerItemProxy */ = {
			isa = PBXContainerItemProxy;
			containerPortal = C6F1F5C02B68D4CB001DCC83 /* Project object */;
			proxyType = 1;
			remoteGlobalIDString = C67A3D8B2BC007F800C5627D;
			remoteInfo = EssentialFeediOS;
		};
		C6B32F062B860D79009A108D /* PBXContainerItemProxy */ = {
			isa = PBXContainerItemProxy;
			containerPortal = C6F1F5C02B68D4CB001DCC83 /* Project object */;
			proxyType = 1;
			remoteGlobalIDString = C6F1F5C82B68D4CB001DCC83;
			remoteInfo = "essential-feed-case-study";
		};
		C6F1F5D32B68D4CB001DCC83 /* PBXContainerItemProxy */ = {
			isa = PBXContainerItemProxy;
			containerPortal = C6F1F5C02B68D4CB001DCC83 /* Project object */;
			proxyType = 1;
			remoteGlobalIDString = C6F1F5C82B68D4CB001DCC83;
			remoteInfo = "essential-feed-case-study";
		};
/* End PBXContainerItemProxy section */

/* Begin PBXCopyFilesBuildPhase section */
		C62A08B12BC6FC9C00FBA727 /* Embed Frameworks */ = {
			isa = PBXCopyFilesBuildPhase;
			buildActionMask = 2147483647;
			dstPath = "";
			dstSubfolderSpec = 10;
			files = (
				C62A08AE2BC6FC9C00FBA727 /* essential_feed_case_study.framework in Embed Frameworks */,
			);
			name = "Embed Frameworks";
			runOnlyForDeploymentPostprocessing = 0;
		};
/* End PBXCopyFilesBuildPhase section */

/* Begin PBXFileReference section */
		C603F1BD2BAF58CA00D80917 /* FeedStoreSpecs.swift */ = {isa = PBXFileReference; lastKnownFileType = sourcecode.swift; path = FeedStoreSpecs.swift; sourceTree = "<group>"; };
		C6110B6A2BC6BF8100F81CE5 /* FeedViewControllerTests.swift */ = {isa = PBXFileReference; lastKnownFileType = sourcecode.swift; path = FeedViewControllerTests.swift; sourceTree = "<group>"; };
		C6242B802BAF5DCE00043FCD /* XCTestCase+FeedStoreSpecs.swift */ = {isa = PBXFileReference; lastKnownFileType = sourcecode.swift; path = "XCTestCase+FeedStoreSpecs.swift"; sourceTree = "<group>"; };
		C637620E2BA1905F0074087B /* ValidateFeedCacheUseCaseTests.swift */ = {isa = PBXFileReference; lastKnownFileType = sourcecode.swift; path = ValidateFeedCacheUseCaseTests.swift; sourceTree = "<group>"; };
		C63762102BA19E830074087B /* FeedCacheTestHelpers.swift */ = {isa = PBXFileReference; lastKnownFileType = sourcecode.swift; path = FeedCacheTestHelpers.swift; sourceTree = "<group>"; };
		C63762122BA1A0720074087B /* SharedTestHelpers.swift */ = {isa = PBXFileReference; lastKnownFileType = sourcecode.swift; path = SharedTestHelpers.swift; sourceTree = "<group>"; };
		C63762142BA316BD0074087B /* FeedCachePolicy.swift */ = {isa = PBXFileReference; lastKnownFileType = sourcecode.swift; path = FeedCachePolicy.swift; sourceTree = "<group>"; };
		C639BE582B77BAEC00B63C28 /* HTTPClient.swift */ = {isa = PBXFileReference; lastKnownFileType = sourcecode.swift; path = HTTPClient.swift; sourceTree = "<group>"; };
		C639BE5C2B77BC7100B63C28 /* FeedItemsMapper.swift */ = {isa = PBXFileReference; lastKnownFileType = sourcecode.swift; path = FeedItemsMapper.swift; sourceTree = "<group>"; };
		C63EF9152B9F5FA800866848 /* LoadFeedFromCacheUseCaseTests.swift */ = {isa = PBXFileReference; lastKnownFileType = sourcecode.swift; path = LoadFeedFromCacheUseCaseTests.swift; sourceTree = "<group>"; };
		C63EF9182B9F620700866848 /* FeedStoreSpy.swift */ = {isa = PBXFileReference; lastKnownFileType = sourcecode.swift; path = FeedStoreSpy.swift; sourceTree = "<group>"; };
		C64056032B7F7A10006EFF18 /* URLSessionHTTPClientTests.swift */ = {isa = PBXFileReference; lastKnownFileType = sourcecode.swift; path = URLSessionHTTPClientTests.swift; sourceTree = "<group>"; };
		C6406D4C2B984EB80028A925 /* CacheFeedUseCaseTests.swift */ = {isa = PBXFileReference; lastKnownFileType = sourcecode.swift; path = CacheFeedUseCaseTests.swift; sourceTree = "<group>"; };
		C6406D4F2B99C0E60028A925 /* LocalFeedLoader.swift */ = {isa = PBXFileReference; lastKnownFileType = sourcecode.swift; path = LocalFeedLoader.swift; sourceTree = "<group>"; };
		C6406D512B99C13B0028A925 /* FeedStore.swift */ = {isa = PBXFileReference; lastKnownFileType = sourcecode.swift; path = FeedStore.swift; sourceTree = "<group>"; };
		C6406D532B9B0CD30028A925 /* RemoteFeedItem.swift */ = {isa = PBXFileReference; lastKnownFileType = sourcecode.swift; path = RemoteFeedItem.swift; sourceTree = "<group>"; };
		C6406D552B9B0D900028A925 /* LocalFeedImage.swift */ = {isa = PBXFileReference; lastKnownFileType = sourcecode.swift; path = LocalFeedImage.swift; sourceTree = "<group>"; };
		C64E5C282BAC4B6500B0082B /* README.md */ = {isa = PBXFileReference; lastKnownFileType = net.daringfireball.markdown; path = README.md; sourceTree = "<group>"; };
		C6565F432BC972D800603663 /* FeedViewController.swift */ = {isa = PBXFileReference; lastKnownFileType = sourcecode.swift; path = FeedViewController.swift; sourceTree = "<group>"; };
		C66114C42BB4A6B0002D4579 /* EssentialFeedCacheIntegrationTests.xctest */ = {isa = PBXFileReference; explicitFileType = wrapper.cfbundle; includeInIndex = 0; path = EssentialFeedCacheIntegrationTests.xctest; sourceTree = BUILT_PRODUCTS_DIR; };
		C66114C62BB4A6B0002D4579 /* EssentialFeedCacheIntegrationTests.swift */ = {isa = PBXFileReference; lastKnownFileType = sourcecode.swift; path = EssentialFeedCacheIntegrationTests.swift; sourceTree = "<group>"; };
		C66114CE2BB4A711002D4579 /* EssentialFeedCacheIntegrationTests.xctestplan */ = {isa = PBXFileReference; lastKnownFileType = text; path = EssentialFeedCacheIntegrationTests.xctestplan; sourceTree = "<group>"; };
		C67A3D862BC0043200C5627D /* essential_feed_case_studyAPIEndToEndTests.xctestplan */ = {isa = PBXFileReference; lastKnownFileType = text; path = essential_feed_case_studyAPIEndToEndTests.xctestplan; sourceTree = "<group>"; };
		C67A3D8C2BC007F800C5627D /* EssentialFeediOS.framework */ = {isa = PBXFileReference; explicitFileType = wrapper.framework; includeInIndex = 0; path = EssentialFeediOS.framework; sourceTree = BUILT_PRODUCTS_DIR; };
		C67A3D932BC007FC00C5627D /* EssentialFeediOSTests.xctest */ = {isa = PBXFileReference; explicitFileType = wrapper.cfbundle; includeInIndex = 0; path = EssentialFeediOSTests.xctest; sourceTree = BUILT_PRODUCTS_DIR; };
		C67A3DA12BC0092900C5627D /* EssentialFeediOS.xctestplan */ = {isa = PBXFileReference; lastKnownFileType = text; path = EssentialFeediOS.xctestplan; sourceTree = "<group>"; };
		C699FE572B6AFCA400FD503C /* RemoteFeedLoader.swift */ = {isa = PBXFileReference; lastKnownFileType = sourcecode.swift; path = RemoteFeedLoader.swift; sourceTree = "<group>"; };
		C6AFA9922BD2FDD200001E8C /* UIImage+TestHelpers.swift */ = {isa = PBXFileReference; lastKnownFileType = sourcecode.swift; path = "UIImage+TestHelpers.swift"; sourceTree = "<group>"; };
		C6B32EF72B849795009A108D /* XCTestCase+MemoryLeakTracking.swift */ = {isa = PBXFileReference; lastKnownFileType = sourcecode.swift; path = "XCTestCase+MemoryLeakTracking.swift"; sourceTree = "<group>"; };
		C6B32EF92B84B805009A108D /* URLSessionHTTPClient.swift */ = {isa = PBXFileReference; lastKnownFileType = sourcecode.swift; path = URLSessionHTTPClient.swift; sourceTree = "<group>"; };
		C6B32EFC2B860A65009A108D /* essential-feed-case-study.xctestplan */ = {isa = PBXFileReference; lastKnownFileType = text; path = "essential-feed-case-study.xctestplan"; sourceTree = "<group>"; };
		C6B32F012B860D79009A108D /* essential_feed_case_studyAPIEndToEndTests.xctest */ = {isa = PBXFileReference; explicitFileType = wrapper.cfbundle; includeInIndex = 0; path = essential_feed_case_studyAPIEndToEndTests.xctest; sourceTree = BUILT_PRODUCTS_DIR; };
		C6B32F032B860D79009A108D /* essential_feed_case_studyAPIEndToEndTests.swift */ = {isa = PBXFileReference; lastKnownFileType = sourcecode.swift; path = essential_feed_case_studyAPIEndToEndTests.swift; sourceTree = "<group>"; };
		C6B32F0C2B86225D009A108D /* CI.xctestplan */ = {isa = PBXFileReference; lastKnownFileType = text; path = CI.xctestplan; sourceTree = "<group>"; };
		C6C57B162BB0221300A22814 /* XCTestCase+FailableRetrieveFeedStoreSpecs.swift */ = {isa = PBXFileReference; lastKnownFileType = sourcecode.swift; path = "XCTestCase+FailableRetrieveFeedStoreSpecs.swift"; sourceTree = "<group>"; };
		C6C57B182BB023EB00A22814 /* XCTestCase+FailableInsertFeedStoreSpecs.swift */ = {isa = PBXFileReference; lastKnownFileType = sourcecode.swift; path = "XCTestCase+FailableInsertFeedStoreSpecs.swift"; sourceTree = "<group>"; };
		C6C57B1A2BB025B500A22814 /* XCTestCase+FailableDeleteFeedStoreSpecs.swift */ = {isa = PBXFileReference; lastKnownFileType = sourcecode.swift; path = "XCTestCase+FailableDeleteFeedStoreSpecs.swift"; sourceTree = "<group>"; };
		C6C57B1F2BB16C6200A22814 /* CoreDataFeedStoreTests.swift */ = {isa = PBXFileReference; lastKnownFileType = sourcecode.swift; path = CoreDataFeedStoreTests.swift; sourceTree = "<group>"; };
		C6C57B252BB17DB700A22814 /* FeedStore.xcdatamodel */ = {isa = PBXFileReference; lastKnownFileType = wrapper.xcdatamodel; path = FeedStore.xcdatamodel; sourceTree = "<group>"; };
		C6C57B272BB1898B00A22814 /* CoreDataFeedStore.swift */ = {isa = PBXFileReference; lastKnownFileType = sourcecode.swift; path = CoreDataFeedStore.swift; sourceTree = "<group>"; };
		C6C57B2C2BB2139A00A22814 /* CoreDataHelpers.swift */ = {isa = PBXFileReference; lastKnownFileType = sourcecode.swift; path = CoreDataHelpers.swift; sourceTree = "<group>"; };
		C6C57B2E2BB2224300A22814 /* ManagedCache.swift */ = {isa = PBXFileReference; lastKnownFileType = sourcecode.swift; path = ManagedCache.swift; sourceTree = "<group>"; };
		C6C57B302BB222BF00A22814 /* ManagedFeedImage.swift */ = {isa = PBXFileReference; lastKnownFileType = sourcecode.swift; path = ManagedFeedImage.swift; sourceTree = "<group>"; };
		C6F1F5C92B68D4CB001DCC83 /* essential_feed_case_study.framework */ = {isa = PBXFileReference; explicitFileType = wrapper.framework; includeInIndex = 0; path = essential_feed_case_study.framework; sourceTree = BUILT_PRODUCTS_DIR; };
		C6F1F5D12B68D4CB001DCC83 /* essential-feed-case-studyTests.xctest */ = {isa = PBXFileReference; explicitFileType = wrapper.cfbundle; includeInIndex = 0; path = "essential-feed-case-studyTests.xctest"; sourceTree = BUILT_PRODUCTS_DIR; };
		C6F1F5E12B68D697001DCC83 /* RemoteFeedLoaderTests.swift */ = {isa = PBXFileReference; lastKnownFileType = sourcecode.swift; path = RemoteFeedLoaderTests.swift; sourceTree = "<group>"; };
		C6F1F5E32B68D870001DCC83 /* FeedImage.swift */ = {isa = PBXFileReference; lastKnownFileType = sourcecode.swift; path = FeedImage.swift; sourceTree = "<group>"; };
		C6F1F5E52B68D8B8001DCC83 /* FeedLoader.swift */ = {isa = PBXFileReference; lastKnownFileType = sourcecode.swift; path = FeedLoader.swift; sourceTree = "<group>"; };
		C6F209CF2BCE791100508C9A /* FeedImageCell.swift */ = {isa = PBXFileReference; lastKnownFileType = sourcecode.swift; path = FeedImageCell.swift; sourceTree = "<group>"; };
		C6F209D12BCF05ED00508C9A /* UIView+shimmering.swift */ = {isa = PBXFileReference; lastKnownFileType = sourcecode.swift; path = "UIView+shimmering.swift"; sourceTree = "<group>"; };
/* End PBXFileReference section */

/* Begin PBXFrameworksBuildPhase section */
		C66114C12BB4A6B0002D4579 /* Frameworks */ = {
			isa = PBXFrameworksBuildPhase;
			buildActionMask = 2147483647;
			files = (
				C66114C82BB4A6B0002D4579 /* essential_feed_case_study.framework in Frameworks */,
			);
			runOnlyForDeploymentPostprocessing = 0;
		};
		C67A3D892BC007F800C5627D /* Frameworks */ = {
			isa = PBXFrameworksBuildPhase;
			buildActionMask = 2147483647;
			files = (
				C62A08AD2BC6FC9C00FBA727 /* essential_feed_case_study.framework in Frameworks */,
			);
			runOnlyForDeploymentPostprocessing = 0;
		};
		C67A3D902BC007FC00C5627D /* Frameworks */ = {
			isa = PBXFrameworksBuildPhase;
			buildActionMask = 2147483647;
			files = (
				C67A3D942BC007FE00C5627D /* EssentialFeediOS.framework in Frameworks */,
			);
			runOnlyForDeploymentPostprocessing = 0;
		};
		C6B32EFE2B860D79009A108D /* Frameworks */ = {
			isa = PBXFrameworksBuildPhase;
			buildActionMask = 2147483647;
			files = (
				C6B32F052B860D79009A108D /* essential_feed_case_study.framework in Frameworks */,
			);
			runOnlyForDeploymentPostprocessing = 0;
		};
		C6F1F5C62B68D4CB001DCC83 /* Frameworks */ = {
			isa = PBXFrameworksBuildPhase;
			buildActionMask = 2147483647;
			files = (
			);
			runOnlyForDeploymentPostprocessing = 0;
		};
		C6F1F5CE2B68D4CB001DCC83 /* Frameworks */ = {
			isa = PBXFrameworksBuildPhase;
			buildActionMask = 2147483647;
			files = (
				C6F1F5D22B68D4CB001DCC83 /* essential_feed_case_study.framework in Frameworks */,
			);
			runOnlyForDeploymentPostprocessing = 0;
		};
/* End PBXFrameworksBuildPhase section */

/* Begin PBXGroup section */
		C62A08AC2BC6FC9C00FBA727 /* Frameworks */ = {
			isa = PBXGroup;
			children = (
			);
			name = Frameworks;
			sourceTree = "<group>";
		};
		C639BE5A2B77BBCC00B63C28 /* Feed Feature */ = {
			isa = PBXGroup;
			children = (
				C6F1F5E32B68D870001DCC83 /* FeedImage.swift */,
				C6F1F5E52B68D8B8001DCC83 /* FeedLoader.swift */,
			);
			path = "Feed Feature";
			sourceTree = "<group>";
		};
		C639BE5B2B77BBF300B63C28 /* Feed API */ = {
			isa = PBXGroup;
			children = (
				C699FE572B6AFCA400FD503C /* RemoteFeedLoader.swift */,
				C639BE582B77BAEC00B63C28 /* HTTPClient.swift */,
				C639BE5C2B77BC7100B63C28 /* FeedItemsMapper.swift */,
				C6B32EF92B84B805009A108D /* URLSessionHTTPClient.swift */,
				C6406D532B9B0CD30028A925 /* RemoteFeedItem.swift */,
			);
			path = "Feed API";
			sourceTree = "<group>";
		};
		C639BE5E2B77D0DE00B63C28 /* Feed API */ = {
			isa = PBXGroup;
			children = (
				C6F1F5E12B68D697001DCC83 /* RemoteFeedLoaderTests.swift */,
				C64056032B7F7A10006EFF18 /* URLSessionHTTPClientTests.swift */,
			);
			path = "Feed API";
			sourceTree = "<group>";
		};
		C63EF9172B9F61E000866848 /* Helpers */ = {
			isa = PBXGroup;
			children = (
				C63EF9182B9F620700866848 /* FeedStoreSpy.swift */,
				C63762102BA19E830074087B /* FeedCacheTestHelpers.swift */,
			);
			path = Helpers;
			sourceTree = "<group>";
		};
		C6406D4B2B984E810028A925 /* Feed Cache */ = {
			isa = PBXGroup;
			children = (
				C6C57B1C2BB0282900A22814 /* FeedStoreSpecs */,
				C63EF9172B9F61E000866848 /* Helpers */,
				C6406D4C2B984EB80028A925 /* CacheFeedUseCaseTests.swift */,
				C63EF9152B9F5FA800866848 /* LoadFeedFromCacheUseCaseTests.swift */,
				C637620E2BA1905F0074087B /* ValidateFeedCacheUseCaseTests.swift */,
				C6C57B1F2BB16C6200A22814 /* CoreDataFeedStoreTests.swift */,
			);
			path = "Feed Cache";
			sourceTree = "<group>";
		};
		C6406D4E2B99C0CB0028A925 /* Feed Cache */ = {
			isa = PBXGroup;
			children = (
				C6C57B292BB2113C00A22814 /* Infrastructure */,
				C6406D4F2B99C0E60028A925 /* LocalFeedLoader.swift */,
				C6406D512B99C13B0028A925 /* FeedStore.swift */,
				C6406D552B9B0D900028A925 /* LocalFeedImage.swift */,
				C63762142BA316BD0074087B /* FeedCachePolicy.swift */,
				C64E5C282BAC4B6500B0082B /* README.md */,
			);
			path = "Feed Cache";
			sourceTree = "<group>";
		};
		C66114C52BB4A6B0002D4579 /* EssentialFeedCacheIntegrationTests */ = {
			isa = PBXGroup;
			children = (
				C66114C62BB4A6B0002D4579 /* EssentialFeedCacheIntegrationTests.swift */,
			);
			path = EssentialFeedCacheIntegrationTests;
			sourceTree = "<group>";
		};
		C67A3D8D2BC007F900C5627D /* EssentialFeediOS */ = {
			isa = PBXGroup;
			children = (
				C6565F432BC972D800603663 /* FeedViewController.swift */,
				C6F209CF2BCE791100508C9A /* FeedImageCell.swift */,
				C6F209D12BCF05ED00508C9A /* UIView+shimmering.swift */,
			);
			path = EssentialFeediOS;
			sourceTree = "<group>";
		};
		C67A3D972BC0080000C5627D /* EssentialFeediOSTests */ = {
			isa = PBXGroup;
			children = (
				C6AFA9912BD2FD8800001E8C /* Helpers */,
				C6110B6A2BC6BF8100F81CE5 /* FeedViewControllerTests.swift */,
			);
			path = EssentialFeediOSTests;
			sourceTree = "<group>";
		};
		C6AFA9912BD2FD8800001E8C /* Helpers */ = {
			isa = PBXGroup;
			children = (
				C6AFA9922BD2FDD200001E8C /* UIImage+TestHelpers.swift */,
			);
			path = Helpers;
			sourceTree = "<group>";
		};
		C6B32EF62B849760009A108D /* Helpers */ = {
			isa = PBXGroup;
			children = (
				C6B32EF72B849795009A108D /* XCTestCase+MemoryLeakTracking.swift */,
				C63762122BA1A0720074087B /* SharedTestHelpers.swift */,
			);
			path = Helpers;
			sourceTree = "<group>";
		};
		C6B32F022B860D79009A108D /* essential_feed_case_studyAPIEndToEndTests */ = {
			isa = PBXGroup;
			children = (
				C6B32F032B860D79009A108D /* essential_feed_case_studyAPIEndToEndTests.swift */,
			);
			path = essential_feed_case_studyAPIEndToEndTests;
			sourceTree = "<group>";
		};
		C6C57B1C2BB0282900A22814 /* FeedStoreSpecs */ = {
			isa = PBXGroup;
			children = (
				C603F1BD2BAF58CA00D80917 /* FeedStoreSpecs.swift */,
				C6242B802BAF5DCE00043FCD /* XCTestCase+FeedStoreSpecs.swift */,
				C6C57B162BB0221300A22814 /* XCTestCase+FailableRetrieveFeedStoreSpecs.swift */,
				C6C57B182BB023EB00A22814 /* XCTestCase+FailableInsertFeedStoreSpecs.swift */,
				C6C57B1A2BB025B500A22814 /* XCTestCase+FailableDeleteFeedStoreSpecs.swift */,
			);
			path = FeedStoreSpecs;
			sourceTree = "<group>";
		};
		C6C57B292BB2113C00A22814 /* Infrastructure */ = {
			isa = PBXGroup;
			children = (
				C6C57B2A2BB2115700A22814 /* CoreData */,
			);
			path = Infrastructure;
			sourceTree = "<group>";
		};
		C6C57B2A2BB2115700A22814 /* CoreData */ = {
			isa = PBXGroup;
			children = (
				C6C57B242BB17DB700A22814 /* FeedStore.xcdatamodeld */,
				C6C57B272BB1898B00A22814 /* CoreDataFeedStore.swift */,
				C6C57B2C2BB2139A00A22814 /* CoreDataHelpers.swift */,
				C6C57B2E2BB2224300A22814 /* ManagedCache.swift */,
				C6C57B302BB222BF00A22814 /* ManagedFeedImage.swift */,
			);
			path = CoreData;
			sourceTree = "<group>";
		};
		C6F1F5BF2B68D4CA001DCC83 = {
			isa = PBXGroup;
			children = (
				C67A3DA12BC0092900C5627D /* EssentialFeediOS.xctestplan */,
				C67A3D862BC0043200C5627D /* essential_feed_case_studyAPIEndToEndTests.xctestplan */,
				C66114CE2BB4A711002D4579 /* EssentialFeedCacheIntegrationTests.xctestplan */,
				C6B32F0C2B86225D009A108D /* CI.xctestplan */,
				C6B32EFC2B860A65009A108D /* essential-feed-case-study.xctestplan */,
				C6F1F5CB2B68D4CB001DCC83 /* essential-feed-case-study */,
				C6F1F5D52B68D4CB001DCC83 /* essential-feed-case-studyTests */,
				C6B32F022B860D79009A108D /* essential_feed_case_studyAPIEndToEndTests */,
				C66114C52BB4A6B0002D4579 /* EssentialFeedCacheIntegrationTests */,
				C67A3D8D2BC007F900C5627D /* EssentialFeediOS */,
				C67A3D972BC0080000C5627D /* EssentialFeediOSTests */,
				C6F1F5CA2B68D4CB001DCC83 /* Products */,
				C62A08AC2BC6FC9C00FBA727 /* Frameworks */,
			);
			sourceTree = "<group>";
		};
		C6F1F5CA2B68D4CB001DCC83 /* Products */ = {
			isa = PBXGroup;
			children = (
				C6F1F5C92B68D4CB001DCC83 /* essential_feed_case_study.framework */,
				C6F1F5D12B68D4CB001DCC83 /* essential-feed-case-studyTests.xctest */,
				C6B32F012B860D79009A108D /* essential_feed_case_studyAPIEndToEndTests.xctest */,
				C66114C42BB4A6B0002D4579 /* EssentialFeedCacheIntegrationTests.xctest */,
				C67A3D8C2BC007F800C5627D /* EssentialFeediOS.framework */,
				C67A3D932BC007FC00C5627D /* EssentialFeediOSTests.xctest */,
			);
			name = Products;
			sourceTree = "<group>";
		};
		C6F1F5CB2B68D4CB001DCC83 /* essential-feed-case-study */ = {
			isa = PBXGroup;
			children = (
				C6406D4E2B99C0CB0028A925 /* Feed Cache */,
				C639BE5B2B77BBF300B63C28 /* Feed API */,
				C639BE5A2B77BBCC00B63C28 /* Feed Feature */,
			);
			path = "essential-feed-case-study";
			sourceTree = "<group>";
		};
		C6F1F5D52B68D4CB001DCC83 /* essential-feed-case-studyTests */ = {
			isa = PBXGroup;
			children = (
				C6B32EF62B849760009A108D /* Helpers */,
				C6406D4B2B984E810028A925 /* Feed Cache */,
				C639BE5E2B77D0DE00B63C28 /* Feed API */,
			);
			path = "essential-feed-case-studyTests";
			sourceTree = "<group>";
		};
/* End PBXGroup section */

/* Begin PBXHeadersBuildPhase section */
		C67A3D872BC007F800C5627D /* Headers */ = {
			isa = PBXHeadersBuildPhase;
			buildActionMask = 2147483647;
			files = (
			);
			runOnlyForDeploymentPostprocessing = 0;
		};
		C6F1F5C42B68D4CB001DCC83 /* Headers */ = {
			isa = PBXHeadersBuildPhase;
			buildActionMask = 2147483647;
			files = (
			);
			runOnlyForDeploymentPostprocessing = 0;
		};
/* End PBXHeadersBuildPhase section */

/* Begin PBXNativeTarget section */
		C66114C32BB4A6B0002D4579 /* EssentialFeedCacheIntegrationTests */ = {
			isa = PBXNativeTarget;
			buildConfigurationList = C66114CD2BB4A6B0002D4579 /* Build configuration list for PBXNativeTarget "EssentialFeedCacheIntegrationTests" */;
			buildPhases = (
				C66114C02BB4A6B0002D4579 /* Sources */,
				C66114C12BB4A6B0002D4579 /* Frameworks */,
				C66114C22BB4A6B0002D4579 /* Resources */,
			);
			buildRules = (
			);
			dependencies = (
				C66114CA2BB4A6B0002D4579 /* PBXTargetDependency */,
			);
			name = EssentialFeedCacheIntegrationTests;
			productName = EssentialFeedCacheIntegrationTests;
			productReference = C66114C42BB4A6B0002D4579 /* EssentialFeedCacheIntegrationTests.xctest */;
			productType = "com.apple.product-type.bundle.unit-test";
		};
		C67A3D8B2BC007F800C5627D /* EssentialFeediOS */ = {
			isa = PBXNativeTarget;
			buildConfigurationList = C67A3D9B2BC0080000C5627D /* Build configuration list for PBXNativeTarget "EssentialFeediOS" */;
			buildPhases = (
				C67A3D872BC007F800C5627D /* Headers */,
				C67A3D882BC007F800C5627D /* Sources */,
				C67A3D892BC007F800C5627D /* Frameworks */,
				C67A3D8A2BC007F800C5627D /* Resources */,
				C62A08B12BC6FC9C00FBA727 /* Embed Frameworks */,
			);
			buildRules = (
			);
			dependencies = (
				C62A08B02BC6FC9C00FBA727 /* PBXTargetDependency */,
			);
			name = EssentialFeediOS;
			productName = EssentialFeediOS;
			productReference = C67A3D8C2BC007F800C5627D /* EssentialFeediOS.framework */;
			productType = "com.apple.product-type.framework";
		};
		C67A3D922BC007FC00C5627D /* EssentialFeediOSTests */ = {
			isa = PBXNativeTarget;
			buildConfigurationList = C67A3D9E2BC0080000C5627D /* Build configuration list for PBXNativeTarget "EssentialFeediOSTests" */;
			buildPhases = (
				C67A3D8F2BC007FC00C5627D /* Sources */,
				C67A3D902BC007FC00C5627D /* Frameworks */,
				C67A3D912BC007FC00C5627D /* Resources */,
			);
			buildRules = (
			);
			dependencies = (
				C67A3D962BC007FE00C5627D /* PBXTargetDependency */,
			);
			name = EssentialFeediOSTests;
			productName = EssentialFeediOSTests;
			productReference = C67A3D932BC007FC00C5627D /* EssentialFeediOSTests.xctest */;
			productType = "com.apple.product-type.bundle.unit-test";
		};
		C6B32F002B860D79009A108D /* essential_feed_case_studyAPIEndToEndTests */ = {
			isa = PBXNativeTarget;
			buildConfigurationList = C6B32F082B860D79009A108D /* Build configuration list for PBXNativeTarget "essential_feed_case_studyAPIEndToEndTests" */;
			buildPhases = (
				C6B32EFD2B860D79009A108D /* Sources */,
				C6B32EFE2B860D79009A108D /* Frameworks */,
				C6B32EFF2B860D79009A108D /* Resources */,
			);
			buildRules = (
			);
			dependencies = (
				C6B32F072B860D79009A108D /* PBXTargetDependency */,
			);
			name = essential_feed_case_studyAPIEndToEndTests;
			productName = essential_feed_case_studyAPIEndToEndTests;
			productReference = C6B32F012B860D79009A108D /* essential_feed_case_studyAPIEndToEndTests.xctest */;
			productType = "com.apple.product-type.bundle.unit-test";
		};
		C6F1F5C82B68D4CB001DCC83 /* essential-feed-case-study */ = {
			isa = PBXNativeTarget;
			buildConfigurationList = C6F1F5DB2B68D4CB001DCC83 /* Build configuration list for PBXNativeTarget "essential-feed-case-study" */;
			buildPhases = (
				C6F1F5C42B68D4CB001DCC83 /* Headers */,
				C6F1F5C52B68D4CB001DCC83 /* Sources */,
				C6F1F5C62B68D4CB001DCC83 /* Frameworks */,
				C6F1F5C72B68D4CB001DCC83 /* Resources */,
			);
			buildRules = (
			);
			dependencies = (
			);
			name = "essential-feed-case-study";
			productName = "essential-feed-case-study";
			productReference = C6F1F5C92B68D4CB001DCC83 /* essential_feed_case_study.framework */;
			productType = "com.apple.product-type.framework";
		};
		C6F1F5D02B68D4CB001DCC83 /* essential-feed-case-studyTests */ = {
			isa = PBXNativeTarget;
			buildConfigurationList = C6F1F5DE2B68D4CB001DCC83 /* Build configuration list for PBXNativeTarget "essential-feed-case-studyTests" */;
			buildPhases = (
				C6F1F5CD2B68D4CB001DCC83 /* Sources */,
				C6F1F5CE2B68D4CB001DCC83 /* Frameworks */,
				C6F1F5CF2B68D4CB001DCC83 /* Resources */,
			);
			buildRules = (
			);
			dependencies = (
				C6F1F5D42B68D4CB001DCC83 /* PBXTargetDependency */,
			);
			name = "essential-feed-case-studyTests";
			productName = "essential-feed-case-studyTests";
			productReference = C6F1F5D12B68D4CB001DCC83 /* essential-feed-case-studyTests.xctest */;
			productType = "com.apple.product-type.bundle.unit-test";
		};
/* End PBXNativeTarget section */

/* Begin PBXProject section */
		C6F1F5C02B68D4CB001DCC83 /* Project object */ = {
			isa = PBXProject;
			attributes = {
				BuildIndependentTargetsInParallel = 1;
				LastSwiftUpdateCheck = 1520;
				LastUpgradeCheck = 1520;
				TargetAttributes = {
					C66114C32BB4A6B0002D4579 = {
						CreatedOnToolsVersion = 15.2;
					};
					C67A3D8B2BC007F800C5627D = {
						CreatedOnToolsVersion = 15.2;
						LastSwiftMigration = 1520;
					};
					C67A3D922BC007FC00C5627D = {
						CreatedOnToolsVersion = 15.2;
						LastSwiftMigration = 1520;
					};
					C6B32F002B860D79009A108D = {
						CreatedOnToolsVersion = 15.2;
					};
					C6F1F5C82B68D4CB001DCC83 = {
						CreatedOnToolsVersion = 15.2;
						LastSwiftMigration = 1520;
					};
					C6F1F5D02B68D4CB001DCC83 = {
						CreatedOnToolsVersion = 15.2;
						LastSwiftMigration = 1520;
					};
				};
			};
			buildConfigurationList = C6F1F5C32B68D4CB001DCC83 /* Build configuration list for PBXProject "essential-feed-case-study" */;
			compatibilityVersion = "Xcode 14.0";
			developmentRegion = en;
			hasScannedForEncodings = 0;
			knownRegions = (
				en,
				Base,
			);
			mainGroup = C6F1F5BF2B68D4CA001DCC83;
			productRefGroup = C6F1F5CA2B68D4CB001DCC83 /* Products */;
			projectDirPath = "";
			projectRoot = "";
			targets = (
				C6F1F5C82B68D4CB001DCC83 /* essential-feed-case-study */,
				C6F1F5D02B68D4CB001DCC83 /* essential-feed-case-studyTests */,
				C6B32F002B860D79009A108D /* essential_feed_case_studyAPIEndToEndTests */,
				C66114C32BB4A6B0002D4579 /* EssentialFeedCacheIntegrationTests */,
				C67A3D8B2BC007F800C5627D /* EssentialFeediOS */,
				C67A3D922BC007FC00C5627D /* EssentialFeediOSTests */,
			);
		};
/* End PBXProject section */

/* Begin PBXResourcesBuildPhase section */
		C66114C22BB4A6B0002D4579 /* Resources */ = {
			isa = PBXResourcesBuildPhase;
			buildActionMask = 2147483647;
			files = (
			);
			runOnlyForDeploymentPostprocessing = 0;
		};
		C67A3D8A2BC007F800C5627D /* Resources */ = {
			isa = PBXResourcesBuildPhase;
			buildActionMask = 2147483647;
			files = (
			);
			runOnlyForDeploymentPostprocessing = 0;
		};
		C67A3D912BC007FC00C5627D /* Resources */ = {
			isa = PBXResourcesBuildPhase;
			buildActionMask = 2147483647;
			files = (
			);
			runOnlyForDeploymentPostprocessing = 0;
		};
		C6B32EFF2B860D79009A108D /* Resources */ = {
			isa = PBXResourcesBuildPhase;
			buildActionMask = 2147483647;
			files = (
			);
			runOnlyForDeploymentPostprocessing = 0;
		};
		C6F1F5C72B68D4CB001DCC83 /* Resources */ = {
			isa = PBXResourcesBuildPhase;
			buildActionMask = 2147483647;
			files = (
			);
			runOnlyForDeploymentPostprocessing = 0;
		};
		C6F1F5CF2B68D4CB001DCC83 /* Resources */ = {
			isa = PBXResourcesBuildPhase;
			buildActionMask = 2147483647;
			files = (
			);
			runOnlyForDeploymentPostprocessing = 0;
		};
/* End PBXResourcesBuildPhase section */

/* Begin PBXSourcesBuildPhase section */
		C66114C02BB4A6B0002D4579 /* Sources */ = {
			isa = PBXSourcesBuildPhase;
			buildActionMask = 2147483647;
			files = (
				C66114D12BB4B770002D4579 /* SharedTestHelpers.swift in Sources */,
				C66114C72BB4A6B0002D4579 /* EssentialFeedCacheIntegrationTests.swift in Sources */,
				C66114D02BB4B73D002D4579 /* FeedCacheTestHelpers.swift in Sources */,
				C66114CF2BB4B519002D4579 /* XCTestCase+MemoryLeakTracking.swift in Sources */,
			);
			runOnlyForDeploymentPostprocessing = 0;
		};
		C67A3D882BC007F800C5627D /* Sources */ = {
			isa = PBXSourcesBuildPhase;
			buildActionMask = 2147483647;
			files = (
				C6F209D22BCF05ED00508C9A /* UIView+shimmering.swift in Sources */,
				C6565F442BC972D800603663 /* FeedViewController.swift in Sources */,
				C6F209D02BCE791100508C9A /* FeedImageCell.swift in Sources */,
			);
			runOnlyForDeploymentPostprocessing = 0;
		};
		C67A3D8F2BC007FC00C5627D /* Sources */ = {
			isa = PBXSourcesBuildPhase;
			buildActionMask = 2147483647;
			files = (
				C6110B6B2BC6BF8100F81CE5 /* FeedViewControllerTests.swift in Sources */,
				C62A08B22BC6FE9E00FBA727 /* XCTestCase+MemoryLeakTracking.swift in Sources */,
				C6AFA9932BD2FDD200001E8C /* UIImage+TestHelpers.swift in Sources */,
			);
			runOnlyForDeploymentPostprocessing = 0;
		};
		C6B32EFD2B860D79009A108D /* Sources */ = {
			isa = PBXSourcesBuildPhase;
			buildActionMask = 2147483647;
			files = (
				C6B32F042B860D79009A108D /* essential_feed_case_studyAPIEndToEndTests.swift in Sources */,
				C6B32F0B2B862036009A108D /* XCTestCase+MemoryLeakTracking.swift in Sources */,
			);
			runOnlyForDeploymentPostprocessing = 0;
		};
		C6F1F5C52B68D4CB001DCC83 /* Sources */ = {
			isa = PBXSourcesBuildPhase;
			buildActionMask = 2147483647;
			files = (
				C6C57B2D2BB2139A00A22814 /* CoreDataHelpers.swift in Sources */,
				C6C57B262BB17DB700A22814 /* FeedStore.xcdatamodeld in Sources */,
				C639BE5D2B77BC7100B63C28 /* FeedItemsMapper.swift in Sources */,
				C6F1F5E62B68D8B8001DCC83 /* FeedLoader.swift in Sources */,
				C6406D542B9B0CD30028A925 /* RemoteFeedItem.swift in Sources */,
				C63762152BA316BD0074087B /* FeedCachePolicy.swift in Sources */,
				C699FE582B6AFCA400FD503C /* RemoteFeedLoader.swift in Sources */,
				C6C57B282BB1898B00A22814 /* CoreDataFeedStore.swift in Sources */,
				C6406D562B9B0D900028A925 /* LocalFeedImage.swift in Sources */,
				C6406D522B99C13B0028A925 /* FeedStore.swift in Sources */,
				C6406D502B99C0E60028A925 /* LocalFeedLoader.swift in Sources */,
				C639BE592B77BAEC00B63C28 /* HTTPClient.swift in Sources */,
				C6F1F5E42B68D870001DCC83 /* FeedImage.swift in Sources */,
				C6C57B2F2BB2224300A22814 /* ManagedCache.swift in Sources */,
				C6B32EFB2B85E747009A108D /* URLSessionHTTPClient.swift in Sources */,
				C6C57B312BB222BF00A22814 /* ManagedFeedImage.swift in Sources */,
			);
			runOnlyForDeploymentPostprocessing = 0;
		};
		C6F1F5CD2B68D4CB001DCC83 /* Sources */ = {
			isa = PBXSourcesBuildPhase;
			buildActionMask = 2147483647;
			files = (
				C63762112BA19E830074087B /* FeedCacheTestHelpers.swift in Sources */,
				C637620F2BA1905F0074087B /* ValidateFeedCacheUseCaseTests.swift in Sources */,
				C6F1F5E22B68D697001DCC83 /* RemoteFeedLoaderTests.swift in Sources */,
				C6C57B192BB023EB00A22814 /* XCTestCase+FailableInsertFeedStoreSpecs.swift in Sources */,
				C64056042B7F7A10006EFF18 /* URLSessionHTTPClientTests.swift in Sources */,
				C63EF9192B9F620700866848 /* FeedStoreSpy.swift in Sources */,
				C63762132BA1A0720074087B /* SharedTestHelpers.swift in Sources */,
				C6406D4D2B984EB80028A925 /* CacheFeedUseCaseTests.swift in Sources */,
				C6C57B1B2BB025B500A22814 /* XCTestCase+FailableDeleteFeedStoreSpecs.swift in Sources */,
				C6C57B172BB0221300A22814 /* XCTestCase+FailableRetrieveFeedStoreSpecs.swift in Sources */,
				C63EF9162B9F5FA800866848 /* LoadFeedFromCacheUseCaseTests.swift in Sources */,
				C603F1BE2BAF58CA00D80917 /* FeedStoreSpecs.swift in Sources */,
				C6B32EF82B849795009A108D /* XCTestCase+MemoryLeakTracking.swift in Sources */,
				C6C57B202BB16C6200A22814 /* CoreDataFeedStoreTests.swift in Sources */,
				C6242B812BAF5DCE00043FCD /* XCTestCase+FeedStoreSpecs.swift in Sources */,
			);
			runOnlyForDeploymentPostprocessing = 0;
		};
/* End PBXSourcesBuildPhase section */

/* Begin PBXTargetDependency section */
		C62A08B02BC6FC9C00FBA727 /* PBXTargetDependency */ = {
			isa = PBXTargetDependency;
			platformFilter = ios;
			target = C6F1F5C82B68D4CB001DCC83 /* essential-feed-case-study */;
			targetProxy = C62A08AF2BC6FC9C00FBA727 /* PBXContainerItemProxy */;
		};
		C66114CA2BB4A6B0002D4579 /* PBXTargetDependency */ = {
			isa = PBXTargetDependency;
			target = C6F1F5C82B68D4CB001DCC83 /* essential-feed-case-study */;
			targetProxy = C66114C92BB4A6B0002D4579 /* PBXContainerItemProxy */;
		};
		C67A3D962BC007FE00C5627D /* PBXTargetDependency */ = {
			isa = PBXTargetDependency;
			target = C67A3D8B2BC007F800C5627D /* EssentialFeediOS */;
			targetProxy = C67A3D952BC007FE00C5627D /* PBXContainerItemProxy */;
		};
		C6B32F072B860D79009A108D /* PBXTargetDependency */ = {
			isa = PBXTargetDependency;
			target = C6F1F5C82B68D4CB001DCC83 /* essential-feed-case-study */;
			targetProxy = C6B32F062B860D79009A108D /* PBXContainerItemProxy */;
		};
		C6F1F5D42B68D4CB001DCC83 /* PBXTargetDependency */ = {
			isa = PBXTargetDependency;
			target = C6F1F5C82B68D4CB001DCC83 /* essential-feed-case-study */;
			targetProxy = C6F1F5D32B68D4CB001DCC83 /* PBXContainerItemProxy */;
		};
/* End PBXTargetDependency section */

/* Begin XCBuildConfiguration section */
		C66114CB2BB4A6B0002D4579 /* Debug */ = {
			isa = XCBuildConfiguration;
			buildSettings = {
				CODE_SIGN_STYLE = Automatic;
				CURRENT_PROJECT_VERSION = 1;
				GENERATE_INFOPLIST_FILE = YES;
				MARKETING_VERSION = 1.0;
				PRODUCT_BUNDLE_IDENTIFIER = gtsofa.com.EssentialFeedCacheIntegrationTests;
				PRODUCT_NAME = "$(TARGET_NAME)";
				SUPPORTED_PLATFORMS = "macosx iphoneos iphonesimulator";
				SWIFT_EMIT_LOC_STRINGS = NO;
				SWIFT_VERSION = 5.0;
			};
			name = Debug;
		};
		C66114CC2BB4A6B0002D4579 /* Release */ = {
			isa = XCBuildConfiguration;
			buildSettings = {
				CODE_SIGN_STYLE = Automatic;
				CURRENT_PROJECT_VERSION = 1;
				GENERATE_INFOPLIST_FILE = YES;
				MARKETING_VERSION = 1.0;
				PRODUCT_BUNDLE_IDENTIFIER = gtsofa.com.EssentialFeedCacheIntegrationTests;
				PRODUCT_NAME = "$(TARGET_NAME)";
				SUPPORTED_PLATFORMS = "macosx iphoneos iphonesimulator";
				SWIFT_EMIT_LOC_STRINGS = NO;
				SWIFT_VERSION = 5.0;
			};
			name = Release;
		};
		C67A3D9C2BC0080000C5627D /* Debug */ = {
			isa = XCBuildConfiguration;
			buildSettings = {
				CLANG_ENABLE_MODULES = YES;
				CODE_SIGN_STYLE = Automatic;
				CURRENT_PROJECT_VERSION = 1;
				DEFINES_MODULE = YES;
				DYLIB_COMPATIBILITY_VERSION = 1;
				DYLIB_CURRENT_VERSION = 1;
				DYLIB_INSTALL_NAME_BASE = "@rpath";
				ENABLE_MODULE_VERIFIER = YES;
				GENERATE_INFOPLIST_FILE = YES;
				INFOPLIST_KEY_NSHumanReadableCopyright = "";
				INSTALL_PATH = "$(LOCAL_LIBRARY_DIR)/Frameworks";
				IPHONEOS_DEPLOYMENT_TARGET = 17.2;
				LD_RUNPATH_SEARCH_PATHS = (
					"$(inherited)",
					"@executable_path/Frameworks",
					"@loader_path/Frameworks",
				);
				MARKETING_VERSION = 1.0;
				MODULE_VERIFIER_SUPPORTED_LANGUAGES = "objective-c objective-c++";
				MODULE_VERIFIER_SUPPORTED_LANGUAGE_STANDARDS = "gnu17 gnu++20";
				PRODUCT_BUNDLE_IDENTIFIER = gtsofa.com.EssentialFeediOS;
				PRODUCT_NAME = "$(TARGET_NAME:c99extidentifier)";
				SDKROOT = iphoneos;
				SKIP_INSTALL = YES;
				SWIFT_EMIT_LOC_STRINGS = YES;
				SWIFT_OPTIMIZATION_LEVEL = "-Onone";
				SWIFT_VERSION = 5.0;
				TARGETED_DEVICE_FAMILY = "1,2";
			};
			name = Debug;
		};
		C67A3D9D2BC0080000C5627D /* Release */ = {
			isa = XCBuildConfiguration;
			buildSettings = {
				CLANG_ENABLE_MODULES = YES;
				CODE_SIGN_STYLE = Automatic;
				CURRENT_PROJECT_VERSION = 1;
				DEFINES_MODULE = YES;
				DYLIB_COMPATIBILITY_VERSION = 1;
				DYLIB_CURRENT_VERSION = 1;
				DYLIB_INSTALL_NAME_BASE = "@rpath";
				ENABLE_MODULE_VERIFIER = YES;
				GENERATE_INFOPLIST_FILE = YES;
				INFOPLIST_KEY_NSHumanReadableCopyright = "";
				INSTALL_PATH = "$(LOCAL_LIBRARY_DIR)/Frameworks";
				IPHONEOS_DEPLOYMENT_TARGET = 17.2;
				LD_RUNPATH_SEARCH_PATHS = (
					"$(inherited)",
					"@executable_path/Frameworks",
					"@loader_path/Frameworks",
				);
				MARKETING_VERSION = 1.0;
				MODULE_VERIFIER_SUPPORTED_LANGUAGES = "objective-c objective-c++";
				MODULE_VERIFIER_SUPPORTED_LANGUAGE_STANDARDS = "gnu17 gnu++20";
				PRODUCT_BUNDLE_IDENTIFIER = gtsofa.com.EssentialFeediOS;
				PRODUCT_NAME = "$(TARGET_NAME:c99extidentifier)";
				SDKROOT = iphoneos;
				SKIP_INSTALL = YES;
				SWIFT_EMIT_LOC_STRINGS = YES;
				SWIFT_VERSION = 5.0;
				TARGETED_DEVICE_FAMILY = "1,2";
				VALIDATE_PRODUCT = YES;
			};
			name = Release;
		};
		C67A3D9F2BC0080000C5627D /* Debug */ = {
			isa = XCBuildConfiguration;
			buildSettings = {
				ALWAYS_EMBED_SWIFT_STANDARD_LIBRARIES = YES;
				CLANG_ENABLE_MODULES = YES;
				CODE_SIGN_STYLE = Automatic;
				CURRENT_PROJECT_VERSION = 1;
				GENERATE_INFOPLIST_FILE = YES;
				IPHONEOS_DEPLOYMENT_TARGET = 17.2;
				MARKETING_VERSION = 1.0;
				PRODUCT_BUNDLE_IDENTIFIER = gtsofa.com.EssentialFeediOSTests;
				PRODUCT_NAME = "$(TARGET_NAME)";
				SDKROOT = iphoneos;
				SWIFT_EMIT_LOC_STRINGS = NO;
				SWIFT_OPTIMIZATION_LEVEL = "-Onone";
				SWIFT_VERSION = 5.0;
				TARGETED_DEVICE_FAMILY = "1,2";
			};
			name = Debug;
		};
		C67A3DA02BC0080000C5627D /* Release */ = {
			isa = XCBuildConfiguration;
			buildSettings = {
				ALWAYS_EMBED_SWIFT_STANDARD_LIBRARIES = YES;
				CLANG_ENABLE_MODULES = YES;
				CODE_SIGN_STYLE = Automatic;
				CURRENT_PROJECT_VERSION = 1;
				GENERATE_INFOPLIST_FILE = YES;
				IPHONEOS_DEPLOYMENT_TARGET = 17.2;
				MARKETING_VERSION = 1.0;
				PRODUCT_BUNDLE_IDENTIFIER = gtsofa.com.EssentialFeediOSTests;
				PRODUCT_NAME = "$(TARGET_NAME)";
				SDKROOT = iphoneos;
				SWIFT_EMIT_LOC_STRINGS = NO;
				SWIFT_VERSION = 5.0;
				TARGETED_DEVICE_FAMILY = "1,2";
				VALIDATE_PRODUCT = YES;
			};
			name = Release;
		};
		C6B32F092B860D79009A108D /* Debug */ = {
			isa = XCBuildConfiguration;
			buildSettings = {
				CODE_SIGN_STYLE = Automatic;
				CURRENT_PROJECT_VERSION = 1;
				GENERATE_INFOPLIST_FILE = YES;
				MARKETING_VERSION = 1.0;
				PRODUCT_BUNDLE_IDENTIFIER = "gtsofa.com.essential-feed-case-studyAPIEndToEndTests";
				PRODUCT_NAME = "$(TARGET_NAME)";
				SUPPORTED_PLATFORMS = "macosx iphoneos iphonesimulator";
				SWIFT_EMIT_LOC_STRINGS = NO;
				SWIFT_VERSION = 5.0;
			};
			name = Debug;
		};
		C6B32F0A2B860D79009A108D /* Release */ = {
			isa = XCBuildConfiguration;
			buildSettings = {
				CODE_SIGN_STYLE = Automatic;
				CURRENT_PROJECT_VERSION = 1;
				GENERATE_INFOPLIST_FILE = YES;
				MARKETING_VERSION = 1.0;
				PRODUCT_BUNDLE_IDENTIFIER = "gtsofa.com.essential-feed-case-studyAPIEndToEndTests";
				PRODUCT_NAME = "$(TARGET_NAME)";
				SUPPORTED_PLATFORMS = "macosx iphoneos iphonesimulator";
				SWIFT_EMIT_LOC_STRINGS = NO;
				SWIFT_VERSION = 5.0;
			};
			name = Release;
		};
		C6F1F5D92B68D4CB001DCC83 /* Debug */ = {
			isa = XCBuildConfiguration;
			buildSettings = {
				ALWAYS_SEARCH_USER_PATHS = NO;
				ASSETCATALOG_COMPILER_GENERATE_SWIFT_ASSET_SYMBOL_EXTENSIONS = YES;
				CLANG_ANALYZER_NONNULL = YES;
				CLANG_ANALYZER_NUMBER_OBJECT_CONVERSION = YES_AGGRESSIVE;
				CLANG_CXX_LANGUAGE_STANDARD = "gnu++20";
				CLANG_ENABLE_MODULES = YES;
				CLANG_ENABLE_OBJC_ARC = YES;
				CLANG_ENABLE_OBJC_WEAK = YES;
				CLANG_WARN_BLOCK_CAPTURE_AUTORELEASING = YES;
				CLANG_WARN_BOOL_CONVERSION = YES;
				CLANG_WARN_COMMA = YES;
				CLANG_WARN_CONSTANT_CONVERSION = YES;
				CLANG_WARN_DEPRECATED_OBJC_IMPLEMENTATIONS = YES;
				CLANG_WARN_DIRECT_OBJC_ISA_USAGE = YES_ERROR;
				CLANG_WARN_DOCUMENTATION_COMMENTS = YES;
				CLANG_WARN_EMPTY_BODY = YES;
				CLANG_WARN_ENUM_CONVERSION = YES;
				CLANG_WARN_INFINITE_RECURSION = YES;
				CLANG_WARN_INT_CONVERSION = YES;
				CLANG_WARN_NON_LITERAL_NULL_CONVERSION = YES;
				CLANG_WARN_OBJC_IMPLICIT_RETAIN_SELF = YES;
				CLANG_WARN_OBJC_LITERAL_CONVERSION = YES;
				CLANG_WARN_OBJC_ROOT_CLASS = YES_ERROR;
				CLANG_WARN_QUOTED_INCLUDE_IN_FRAMEWORK_HEADER = YES;
				CLANG_WARN_RANGE_LOOP_ANALYSIS = YES;
				CLANG_WARN_STRICT_PROTOTYPES = YES;
				CLANG_WARN_SUSPICIOUS_MOVE = YES;
				CLANG_WARN_UNGUARDED_AVAILABILITY = YES_AGGRESSIVE;
				CLANG_WARN_UNREACHABLE_CODE = YES;
				CLANG_WARN__DUPLICATE_METHOD_MATCH = YES;
				COPY_PHASE_STRIP = NO;
				CURRENT_PROJECT_VERSION = 1;
				DEBUG_INFORMATION_FORMAT = dwarf;
				ENABLE_STRICT_OBJC_MSGSEND = YES;
				ENABLE_TESTABILITY = YES;
				ENABLE_USER_SCRIPT_SANDBOXING = YES;
				GCC_C_LANGUAGE_STANDARD = gnu17;
				GCC_DYNAMIC_NO_PIC = NO;
				GCC_NO_COMMON_BLOCKS = YES;
				GCC_OPTIMIZATION_LEVEL = 0;
				GCC_PREPROCESSOR_DEFINITIONS = (
					"DEBUG=1",
					"$(inherited)",
				);
				GCC_WARN_64_TO_32_BIT_CONVERSION = YES;
				GCC_WARN_ABOUT_RETURN_TYPE = YES_ERROR;
				GCC_WARN_UNDECLARED_SELECTOR = YES;
				GCC_WARN_UNINITIALIZED_AUTOS = YES_AGGRESSIVE;
				GCC_WARN_UNUSED_FUNCTION = YES;
				GCC_WARN_UNUSED_VARIABLE = YES;
				LOCALIZATION_PREFERS_STRING_CATALOGS = YES;
				MACOSX_DEPLOYMENT_TARGET = 13.6;
				MTL_ENABLE_DEBUG_INFO = INCLUDE_SOURCE;
				MTL_FAST_MATH = YES;
				ONLY_ACTIVE_ARCH = YES;
				SDKROOT = macosx;
				SWIFT_ACTIVE_COMPILATION_CONDITIONS = "DEBUG $(inherited)";
				SWIFT_OPTIMIZATION_LEVEL = "-Onone";
				VERSIONING_SYSTEM = "apple-generic";
				VERSION_INFO_PREFIX = "";
			};
			name = Debug;
		};
		C6F1F5DA2B68D4CB001DCC83 /* Release */ = {
			isa = XCBuildConfiguration;
			buildSettings = {
				ALWAYS_SEARCH_USER_PATHS = NO;
				ASSETCATALOG_COMPILER_GENERATE_SWIFT_ASSET_SYMBOL_EXTENSIONS = YES;
				CLANG_ANALYZER_NONNULL = YES;
				CLANG_ANALYZER_NUMBER_OBJECT_CONVERSION = YES_AGGRESSIVE;
				CLANG_CXX_LANGUAGE_STANDARD = "gnu++20";
				CLANG_ENABLE_MODULES = YES;
				CLANG_ENABLE_OBJC_ARC = YES;
				CLANG_ENABLE_OBJC_WEAK = YES;
				CLANG_WARN_BLOCK_CAPTURE_AUTORELEASING = YES;
				CLANG_WARN_BOOL_CONVERSION = YES;
				CLANG_WARN_COMMA = YES;
				CLANG_WARN_CONSTANT_CONVERSION = YES;
				CLANG_WARN_DEPRECATED_OBJC_IMPLEMENTATIONS = YES;
				CLANG_WARN_DIRECT_OBJC_ISA_USAGE = YES_ERROR;
				CLANG_WARN_DOCUMENTATION_COMMENTS = YES;
				CLANG_WARN_EMPTY_BODY = YES;
				CLANG_WARN_ENUM_CONVERSION = YES;
				CLANG_WARN_INFINITE_RECURSION = YES;
				CLANG_WARN_INT_CONVERSION = YES;
				CLANG_WARN_NON_LITERAL_NULL_CONVERSION = YES;
				CLANG_WARN_OBJC_IMPLICIT_RETAIN_SELF = YES;
				CLANG_WARN_OBJC_LITERAL_CONVERSION = YES;
				CLANG_WARN_OBJC_ROOT_CLASS = YES_ERROR;
				CLANG_WARN_QUOTED_INCLUDE_IN_FRAMEWORK_HEADER = YES;
				CLANG_WARN_RANGE_LOOP_ANALYSIS = YES;
				CLANG_WARN_STRICT_PROTOTYPES = YES;
				CLANG_WARN_SUSPICIOUS_MOVE = YES;
				CLANG_WARN_UNGUARDED_AVAILABILITY = YES_AGGRESSIVE;
				CLANG_WARN_UNREACHABLE_CODE = YES;
				CLANG_WARN__DUPLICATE_METHOD_MATCH = YES;
				COPY_PHASE_STRIP = NO;
				CURRENT_PROJECT_VERSION = 1;
				DEBUG_INFORMATION_FORMAT = "dwarf-with-dsym";
				ENABLE_NS_ASSERTIONS = NO;
				ENABLE_STRICT_OBJC_MSGSEND = YES;
				ENABLE_USER_SCRIPT_SANDBOXING = YES;
				GCC_C_LANGUAGE_STANDARD = gnu17;
				GCC_NO_COMMON_BLOCKS = YES;
				GCC_WARN_64_TO_32_BIT_CONVERSION = YES;
				GCC_WARN_ABOUT_RETURN_TYPE = YES_ERROR;
				GCC_WARN_UNDECLARED_SELECTOR = YES;
				GCC_WARN_UNINITIALIZED_AUTOS = YES_AGGRESSIVE;
				GCC_WARN_UNUSED_FUNCTION = YES;
				GCC_WARN_UNUSED_VARIABLE = YES;
				LOCALIZATION_PREFERS_STRING_CATALOGS = YES;
				MACOSX_DEPLOYMENT_TARGET = 13.6;
				MTL_ENABLE_DEBUG_INFO = NO;
				MTL_FAST_MATH = YES;
				SDKROOT = macosx;
				SWIFT_COMPILATION_MODE = wholemodule;
				VERSIONING_SYSTEM = "apple-generic";
				VERSION_INFO_PREFIX = "";
			};
			name = Release;
		};
		C6F1F5DC2B68D4CB001DCC83 /* Debug */ = {
			isa = XCBuildConfiguration;
			buildSettings = {
				CLANG_ENABLE_MODULES = YES;
				CODE_SIGN_IDENTITY = "Apple Development";
				CODE_SIGN_STYLE = Automatic;
				COMBINE_HIDPI_IMAGES = YES;
				CURRENT_PROJECT_VERSION = 1;
				DEFINES_MODULE = YES;
				DEVELOPMENT_TEAM = TJD4WCXHKT;
				DYLIB_COMPATIBILITY_VERSION = 1;
				DYLIB_CURRENT_VERSION = 1;
				DYLIB_INSTALL_NAME_BASE = "@rpath";
				ENABLE_MODULE_VERIFIER = YES;
				GENERATE_INFOPLIST_FILE = YES;
				INFOPLIST_KEY_NSHumanReadableCopyright = "";
				INSTALL_PATH = "$(LOCAL_LIBRARY_DIR)/Frameworks";
				LD_RUNPATH_SEARCH_PATHS = (
					"$(inherited)",
					"@executable_path/../Frameworks",
					"@loader_path/Frameworks",
				);
				MARKETING_VERSION = 1.0;
				MODULE_VERIFIER_SUPPORTED_LANGUAGES = "objective-c objective-c++";
				MODULE_VERIFIER_SUPPORTED_LANGUAGE_STANDARDS = "gnu17 gnu++20";
				PRODUCT_BUNDLE_IDENTIFIER = "gtsofa.com.essential-feed-case-study";
				PRODUCT_NAME = "$(TARGET_NAME:c99extidentifier)";
				SKIP_INSTALL = YES;
				SUPPORTED_PLATFORMS = "macosx iphonesimulator iphoneos";
				SWIFT_EMIT_LOC_STRINGS = YES;
				SWIFT_OPTIMIZATION_LEVEL = "-Onone";
				SWIFT_VERSION = 5.0;
			};
			name = Debug;
		};
		C6F1F5DD2B68D4CB001DCC83 /* Release */ = {
			isa = XCBuildConfiguration;
			buildSettings = {
				CLANG_ENABLE_MODULES = YES;
				CODE_SIGN_IDENTITY = "Apple Development";
				CODE_SIGN_STYLE = Automatic;
				COMBINE_HIDPI_IMAGES = YES;
				CURRENT_PROJECT_VERSION = 1;
				DEFINES_MODULE = YES;
				DEVELOPMENT_TEAM = TJD4WCXHKT;
				DYLIB_COMPATIBILITY_VERSION = 1;
				DYLIB_CURRENT_VERSION = 1;
				DYLIB_INSTALL_NAME_BASE = "@rpath";
				ENABLE_MODULE_VERIFIER = YES;
				GENERATE_INFOPLIST_FILE = YES;
				INFOPLIST_KEY_NSHumanReadableCopyright = "";
				INSTALL_PATH = "$(LOCAL_LIBRARY_DIR)/Frameworks";
				LD_RUNPATH_SEARCH_PATHS = (
					"$(inherited)",
					"@executable_path/../Frameworks",
					"@loader_path/Frameworks",
				);
				MARKETING_VERSION = 1.0;
				MODULE_VERIFIER_SUPPORTED_LANGUAGES = "objective-c objective-c++";
				MODULE_VERIFIER_SUPPORTED_LANGUAGE_STANDARDS = "gnu17 gnu++20";
				PRODUCT_BUNDLE_IDENTIFIER = "gtsofa.com.essential-feed-case-study";
				PRODUCT_NAME = "$(TARGET_NAME:c99extidentifier)";
				SKIP_INSTALL = YES;
				SUPPORTED_PLATFORMS = "macosx iphonesimulator iphoneos";
				SWIFT_EMIT_LOC_STRINGS = YES;
				SWIFT_VERSION = 5.0;
			};
			name = Release;
		};
		C6F1F5DF2B68D4CB001DCC83 /* Debug */ = {
			isa = XCBuildConfiguration;
			buildSettings = {
				ALWAYS_EMBED_SWIFT_STANDARD_LIBRARIES = YES;
				CLANG_ENABLE_MODULES = YES;
				"CODE_SIGN_IDENTITY[sdk=macosx*]" = "Apple Development";
				CODE_SIGN_STYLE = Automatic;
				CURRENT_PROJECT_VERSION = 1;
				DEVELOPMENT_TEAM = TJD4WCXHKT;
				GENERATE_INFOPLIST_FILE = YES;
				MARKETING_VERSION = 1.0;
				PRODUCT_BUNDLE_IDENTIFIER = "gtsofa.com.essential-feed-case-studyTests";
				PRODUCT_NAME = "$(TARGET_NAME)";
				SUPPORTED_PLATFORMS = "macosx iphonesimulator iphoneos";
				SWIFT_EMIT_LOC_STRINGS = NO;
				SWIFT_OPTIMIZATION_LEVEL = "-Onone";
				SWIFT_VERSION = 5.0;
			};
			name = Debug;
		};
		C6F1F5E02B68D4CB001DCC83 /* Release */ = {
			isa = XCBuildConfiguration;
			buildSettings = {
				ALWAYS_EMBED_SWIFT_STANDARD_LIBRARIES = YES;
				CLANG_ENABLE_MODULES = YES;
				"CODE_SIGN_IDENTITY[sdk=macosx*]" = "Apple Development";
				CODE_SIGN_STYLE = Automatic;
				CURRENT_PROJECT_VERSION = 1;
				DEVELOPMENT_TEAM = TJD4WCXHKT;
				GENERATE_INFOPLIST_FILE = YES;
				MARKETING_VERSION = 1.0;
				PRODUCT_BUNDLE_IDENTIFIER = "gtsofa.com.essential-feed-case-studyTests";
				PRODUCT_NAME = "$(TARGET_NAME)";
				SUPPORTED_PLATFORMS = "macosx iphonesimulator iphoneos";
				SWIFT_EMIT_LOC_STRINGS = NO;
				SWIFT_VERSION = 5.0;
			};
			name = Release;
		};
/* End XCBuildConfiguration section */

/* Begin XCConfigurationList section */
		C66114CD2BB4A6B0002D4579 /* Build configuration list for PBXNativeTarget "EssentialFeedCacheIntegrationTests" */ = {
			isa = XCConfigurationList;
			buildConfigurations = (
				C66114CB2BB4A6B0002D4579 /* Debug */,
				C66114CC2BB4A6B0002D4579 /* Release */,
			);
			defaultConfigurationIsVisible = 0;
			defaultConfigurationName = Release;
		};
		C67A3D9B2BC0080000C5627D /* Build configuration list for PBXNativeTarget "EssentialFeediOS" */ = {
			isa = XCConfigurationList;
			buildConfigurations = (
				C67A3D9C2BC0080000C5627D /* Debug */,
				C67A3D9D2BC0080000C5627D /* Release */,
			);
			defaultConfigurationIsVisible = 0;
			defaultConfigurationName = Release;
		};
		C67A3D9E2BC0080000C5627D /* Build configuration list for PBXNativeTarget "EssentialFeediOSTests" */ = {
			isa = XCConfigurationList;
			buildConfigurations = (
				C67A3D9F2BC0080000C5627D /* Debug */,
				C67A3DA02BC0080000C5627D /* Release */,
			);
			defaultConfigurationIsVisible = 0;
			defaultConfigurationName = Release;
		};
		C6B32F082B860D79009A108D /* Build configuration list for PBXNativeTarget "essential_feed_case_studyAPIEndToEndTests" */ = {
			isa = XCConfigurationList;
			buildConfigurations = (
				C6B32F092B860D79009A108D /* Debug */,
				C6B32F0A2B860D79009A108D /* Release */,
			);
			defaultConfigurationIsVisible = 0;
			defaultConfigurationName = Release;
		};
		C6F1F5C32B68D4CB001DCC83 /* Build configuration list for PBXProject "essential-feed-case-study" */ = {
			isa = XCConfigurationList;
			buildConfigurations = (
				C6F1F5D92B68D4CB001DCC83 /* Debug */,
				C6F1F5DA2B68D4CB001DCC83 /* Release */,
			);
			defaultConfigurationIsVisible = 0;
			defaultConfigurationName = Release;
		};
		C6F1F5DB2B68D4CB001DCC83 /* Build configuration list for PBXNativeTarget "essential-feed-case-study" */ = {
			isa = XCConfigurationList;
			buildConfigurations = (
				C6F1F5DC2B68D4CB001DCC83 /* Debug */,
				C6F1F5DD2B68D4CB001DCC83 /* Release */,
			);
			defaultConfigurationIsVisible = 0;
			defaultConfigurationName = Release;
		};
		C6F1F5DE2B68D4CB001DCC83 /* Build configuration list for PBXNativeTarget "essential-feed-case-studyTests" */ = {
			isa = XCConfigurationList;
			buildConfigurations = (
				C6F1F5DF2B68D4CB001DCC83 /* Debug */,
				C6F1F5E02B68D4CB001DCC83 /* Release */,
			);
			defaultConfigurationIsVisible = 0;
			defaultConfigurationName = Release;
		};
/* End XCConfigurationList section */

/* Begin XCVersionGroup section */
		C6C57B242BB17DB700A22814 /* FeedStore.xcdatamodeld */ = {
			isa = XCVersionGroup;
			children = (
				C6C57B252BB17DB700A22814 /* FeedStore.xcdatamodel */,
			);
			currentVersion = C6C57B252BB17DB700A22814 /* FeedStore.xcdatamodel */;
			path = FeedStore.xcdatamodeld;
			sourceTree = "<group>";
			versionGroupType = wrapper.xcdatamodel;
		};
/* End XCVersionGroup section */
	};
	rootObject = C6F1F5C02B68D4CB001DCC83 /* Project object */;
}
